// !$*UTF8*$!
{
	archiveVersion = 1;
	classes = {
	};
	objectVersion = 46;
	objects = {

/* Begin PBXBuildFile section */
		1D3623260D0F684500981E51 /* TrapsAppDelegate.m in Sources */ = {isa = PBXBuildFile; fileRef = 1D3623250D0F684500981E51 /* TrapsAppDelegate.m */; };
		1D60589B0D05DD56006BFB54 /* main.m in Sources */ = {isa = PBXBuildFile; fileRef = 29B97316FDCFA39411CA2CEA /* main.m */; };
		1D60589F0D05DD5A006BFB54 /* Foundation.framework in Frameworks */ = {isa = PBXBuildFile; fileRef = 1D30AB110D05D00D00671497 /* Foundation.framework */; };
		1DF5F4E00D08C38300B7A737 /* UIKit.framework in Frameworks */ = {isa = PBXBuildFile; fileRef = 1DF5F4DF0D08C38300B7A737 /* UIKit.framework */; };
		288765A50DF7441C002DB57D /* CoreGraphics.framework in Frameworks */ = {isa = PBXBuildFile; fileRef = 288765A40DF7441C002DB57D /* CoreGraphics.framework */; };
		28AD733F0D9D9553002E5188 /* MainWindow.xib in Resources */ = {isa = PBXBuildFile; fileRef = 28AD733E0D9D9553002E5188 /* MainWindow.xib */; };
		5F606D711161C107003625A1 /* BTUserHistoryTableViewController.m in Sources */ = {isa = PBXBuildFile; fileRef = 5F606D701161C107003625A1 /* BTUserHistoryTableViewController.m */; };
		5F606DCA1161CBC9003625A1 /* BTUserInventoryTableView.m in Sources */ = {isa = PBXBuildFile; fileRef = 5F606DC91161CBC9003625A1 /* BTUserInventoryTableView.m */; };
		5F606FA81162E31E003625A1 /* asyncimageview.m in Sources */ = {isa = PBXBuildFile; fileRef = 5F606FA71162E31E003625A1 /* asyncimageview.m */; };
		5F6071FF1167D710003625A1 /* BTVenueDetailView.m in Sources */ = {isa = PBXBuildFile; fileRef = 5F6071FE1167D710003625A1 /* BTVenueDetailView.m */; };
		5F6072D61167F7DA003625A1 /* MapKit.framework in Frameworks */ = {isa = PBXBuildFile; fileRef = 5F6072D51167F7DA003625A1 /* MapKit.framework */; };
		5F6074651169A789003625A1 /* BTVenueSearchResults.m in Sources */ = {isa = PBXBuildFile; fileRef = 5F6074641169A789003625A1 /* BTVenueSearchResults.m */; };
		5F72A76D116E3B0C00F8B7A0 /* UINavigationBar+CustomImage.m in Sources */ = {isa = PBXBuildFile; fileRef = 5F72A76C116E3B0C00F8B7A0 /* UINavigationBar+CustomImage.m */; };
		5F72A7BB116F8B2400F8B7A0 /* coinCount.png in Resources */ = {isa = PBXBuildFile; fileRef = 5F72A7B7116F8B2400F8B7A0 /* coinCount.png */; };
		5F72A7BC116F8B2400F8B7A0 /* hitPoints.png in Resources */ = {isa = PBXBuildFile; fileRef = 5F72A7B8116F8B2400F8B7A0 /* hitPoints.png */; };
		5F72A7BD116F8B2400F8B7A0 /* trapsSetCount.png in Resources */ = {isa = PBXBuildFile; fileRef = 5F72A7B9116F8B2400F8B7A0 /* trapsSetCount.png */; };
		5F72A7BE116F8B2400F8B7A0 /* killCount.png in Resources */ = {isa = PBXBuildFile; fileRef = 5F72A7BA116F8B2400F8B7A0 /* killCount.png */; };
		5F72A8031170E5E300F8B7A0 /* searchnow.png in Resources */ = {isa = PBXBuildFile; fileRef = 5F72A8021170E5E300F8B7A0 /* searchnow.png */; };
		5F72A84C1170E8E300F8B7A0 /* searchvenuebar.png in Resources */ = {isa = PBXBuildFile; fileRef = 5F72A84B1170E8E300F8B7A0 /* searchvenuebar.png */; };
		5F74866F114D65ED00A48653 /* BTSearchNavigationController.m in Sources */ = {isa = PBXBuildFile; fileRef = 5F74866E114D65ED00A48653 /* BTSearchNavigationController.m */; };
		5F748680114D675800A48653 /* BTProfileNavigationController.m in Sources */ = {isa = PBXBuildFile; fileRef = 5F74867F114D675800A48653 /* BTProfileNavigationController.m */; };
		5F74868D114D67C300A48653 /* BTLeaderBoardNavigationController.m in Sources */ = {isa = PBXBuildFile; fileRef = 5F74868C114D67C300A48653 /* BTLeaderBoardNavigationController.m */; };
		5F7486BB114D6F9C00A48653 /* BTSearchInternalViewController.m in Sources */ = {isa = PBXBuildFile; fileRef = 5F7486BA114D6F9C00A48653 /* BTSearchInternalViewController.m */; };
		5F7486CF114D719100A48653 /* BTProfileInternalViewController.m in Sources */ = {isa = PBXBuildFile; fileRef = 5F7486CE114D719100A48653 /* BTProfileInternalViewController.m */; };
		5F7486D9114D721500A48653 /* BTLeaderboardInternalViewController.m in Sources */ = {isa = PBXBuildFile; fileRef = 5F7486D8114D721500A48653 /* BTLeaderboardInternalViewController.m */; };
		5F748783114D938D00A48653 /* BTUserProfile.m in Sources */ = {isa = PBXBuildFile; fileRef = 5F748782114D938D00A48653 /* BTUserProfile.m */; };
		5F7487B5114D9A5700A48653 /* BTNetwork.m in Sources */ = {isa = PBXBuildFile; fileRef = 5F7487B4114D9A5700A48653 /* BTNetwork.m */; };
		5F7487C6114D9CC900A48653 /* BTNetworkHttp.m in Sources */ = {isa = PBXBuildFile; fileRef = 5F7487C5114D9CC900A48653 /* BTNetworkHttp.m */; };
		5FF9348C1159F3EE00159ECA /* MyCLController.m in Sources */ = {isa = PBXBuildFile; fileRef = 5FF9348B1159F3EE00159ECA /* MyCLController.m */; };
		5FF9349B1159F70300159ECA /* CoreLocation.framework in Frameworks */ = {isa = PBXBuildFile; fileRef = 5FF9349A1159F70300159ECA /* CoreLocation.framework */; };
		5FF9354C115B08AE00159ECA /* profilebar1.png in Resources */ = {isa = PBXBuildFile; fileRef = 5FF9354B115B08AE00159ECA /* profilebar1.png */; };
		5FF93552115B095500159ECA /* profilebar.png in Resources */ = {isa = PBXBuildFile; fileRef = 5FF93551115B095500159ECA /* profilebar.png */; };
		5FF93669115B347100159ECA /* user.png in Resources */ = {isa = PBXBuildFile; fileRef = 5FF93668115B347100159ECA /* user.png */; };
		5FF93715115C58CA00159ECA /* homeicon.png in Resources */ = {isa = PBXBuildFile; fileRef = 5FF93711115C58CA00159ECA /* homeicon.png */; };
		5FF93716115C58CA00159ECA /* leaderboardicon.png in Resources */ = {isa = PBXBuildFile; fileRef = 5FF93712115C58CA00159ECA /* leaderboardicon.png */; };
		5FF93717115C58CA00159ECA /* profileicon.png in Resources */ = {isa = PBXBuildFile; fileRef = 5FF93713115C58CA00159ECA /* profileicon.png */; };
		5FF93718115C58CA00159ECA /* searchicon.png in Resources */ = {isa = PBXBuildFile; fileRef = 5FF93714115C58CA00159ECA /* searchicon.png */; };
		5FF9371C115C59C100159ECA /* homeViewTopBanner.png in Resources */ = {isa = PBXBuildFile; fileRef = 5FF9371B115C59C100159ECA /* homeViewTopBanner.png */; };
		CD885DA4114D5EAD0002DFAF /* BTTabBarController.m in Sources */ = {isa = PBXBuildFile; fileRef = CD885DA3114D5EAD0002DFAF /* BTTabBarController.m */; };
		CD885DCD114D62D80002DFAF /* BTHomeNavigationController.m in Sources */ = {isa = PBXBuildFile; fileRef = CD885DCC114D62D80002DFAF /* BTHomeNavigationController.m */; };
		CD885E0D114D68E00002DFAF /* BTHomeInternalViewController.m in Sources */ = {isa = PBXBuildFile; fileRef = CD885E0C114D68E00002DFAF /* BTHomeInternalViewController.m */; };
		CD885E6B114D80D40002DFAF /* FBConnectGlobal.m in Sources */ = {isa = PBXBuildFile; fileRef = CD885E59114D80D40002DFAF /* FBConnectGlobal.m */; };
		CD885E6C114D80D40002DFAF /* FBSession.m in Sources */ = {isa = PBXBuildFile; fileRef = CD885E5B114D80D40002DFAF /* FBSession.m */; };
		CD885E6D114D80D40002DFAF /* FBRequest.m in Sources */ = {isa = PBXBuildFile; fileRef = CD885E5D114D80D40002DFAF /* FBRequest.m */; };
		CD885E6E114D80D40002DFAF /* FBXMLHandler.m in Sources */ = {isa = PBXBuildFile; fileRef = CD885E5F114D80D40002DFAF /* FBXMLHandler.m */; };
		CD885E6F114D80D40002DFAF /* FBLoginButton.m in Sources */ = {isa = PBXBuildFile; fileRef = CD885E61114D80D40002DFAF /* FBLoginButton.m */; };
		CD885E70114D80D40002DFAF /* FBDialog.m in Sources */ = {isa = PBXBuildFile; fileRef = CD885E63114D80D40002DFAF /* FBDialog.m */; };
		CD885E71114D80D40002DFAF /* FBLoginDialog.m in Sources */ = {isa = PBXBuildFile; fileRef = CD885E65114D80D40002DFAF /* FBLoginDialog.m */; };
		CD885E72114D80D40002DFAF /* FBPermissionDialog.m in Sources */ = {isa = PBXBuildFile; fileRef = CD885E67114D80D40002DFAF /* FBPermissionDialog.m */; };
		CD885E73114D80D40002DFAF /* FBStreamDialog.m in Sources */ = {isa = PBXBuildFile; fileRef = CD885E69114D80D40002DFAF /* FBStreamDialog.m */; };
		CD885E74114D80D40002DFAF /* FBConnect.bundle in Resources */ = {isa = PBXBuildFile; fileRef = CD885E6A114D80D40002DFAF /* FBConnect.bundle */; };
		CD885F13114D9F950002DFAF /* NSString+URLAdditions.m in Sources */ = {isa = PBXBuildFile; fileRef = CD885F12114D9F950002DFAF /* NSString+URLAdditions.m */; };
		CD885F43114DA38F0002DFAF /* BTInvocationMaker.m in Sources */ = {isa = PBXBuildFile; fileRef = CD885F42114DA38F0002DFAF /* BTInvocationMaker.m */; };
/* End PBXBuildFile section */

/* Begin PBXFileReference section */
		1D30AB110D05D00D00671497 /* Foundation.framework */ = {isa = PBXFileReference; lastKnownFileType = wrapper.framework; name = Foundation.framework; path = System/Library/Frameworks/Foundation.framework; sourceTree = SDKROOT; };
		1D3623240D0F684500981E51 /* TrapsAppDelegate.h */ = {isa = PBXFileReference; fileEncoding = 4; lastKnownFileType = sourcecode.c.h; path = TrapsAppDelegate.h; sourceTree = "<group>"; };
		1D3623250D0F684500981E51 /* TrapsAppDelegate.m */ = {isa = PBXFileReference; fileEncoding = 4; lastKnownFileType = sourcecode.c.objc; path = TrapsAppDelegate.m; sourceTree = "<group>"; };
		1D6058910D05DD3D006BFB54 /* Traps.app */ = {isa = PBXFileReference; explicitFileType = wrapper.application; includeInIndex = 0; path = Traps.app; sourceTree = BUILT_PRODUCTS_DIR; };
		1DF5F4DF0D08C38300B7A737 /* UIKit.framework */ = {isa = PBXFileReference; lastKnownFileType = wrapper.framework; name = UIKit.framework; path = System/Library/Frameworks/UIKit.framework; sourceTree = SDKROOT; };
		288765A40DF7441C002DB57D /* CoreGraphics.framework */ = {isa = PBXFileReference; lastKnownFileType = wrapper.framework; name = CoreGraphics.framework; path = System/Library/Frameworks/CoreGraphics.framework; sourceTree = SDKROOT; };
		28AD733E0D9D9553002E5188 /* MainWindow.xib */ = {isa = PBXFileReference; lastKnownFileType = file.xib; path = MainWindow.xib; sourceTree = "<group>"; };
		29B97316FDCFA39411CA2CEA /* main.m */ = {isa = PBXFileReference; fileEncoding = 4; lastKnownFileType = sourcecode.c.objc; path = main.m; sourceTree = "<group>"; };
		32CA4F630368D1EE00C91783 /* Traps_Prefix.pch */ = {isa = PBXFileReference; fileEncoding = 4; lastKnownFileType = sourcecode.c.h; path = Traps_Prefix.pch; sourceTree = "<group>"; };
		5F606D6F1161C107003625A1 /* BTUserHistoryTableViewController.h */ = {isa = PBXFileReference; fileEncoding = 4; lastKnownFileType = sourcecode.c.h; path = BTUserHistoryTableViewController.h; sourceTree = "<group>"; };
		5F606D701161C107003625A1 /* BTUserHistoryTableViewController.m */ = {isa = PBXFileReference; fileEncoding = 4; lastKnownFileType = sourcecode.c.objc; path = BTUserHistoryTableViewController.m; sourceTree = "<group>"; };
		5F606DC81161CBC9003625A1 /* BTUserInventoryTableView.h */ = {isa = PBXFileReference; fileEncoding = 4; lastKnownFileType = sourcecode.c.h; path = BTUserInventoryTableView.h; sourceTree = "<group>"; };
		5F606DC91161CBC9003625A1 /* BTUserInventoryTableView.m */ = {isa = PBXFileReference; fileEncoding = 4; lastKnownFileType = sourcecode.c.objc; path = BTUserInventoryTableView.m; sourceTree = "<group>"; };
		5F606FA61162E31E003625A1 /* asyncimageview.h */ = {isa = PBXFileReference; fileEncoding = 4; lastKnownFileType = sourcecode.c.h; path = asyncimageview.h; sourceTree = "<group>"; };
		5F606FA71162E31E003625A1 /* asyncimageview.m */ = {isa = PBXFileReference; fileEncoding = 4; lastKnownFileType = sourcecode.c.objc; path = asyncimageview.m; sourceTree = "<group>"; };
		5F6071FD1167D710003625A1 /* BTVenueDetailView.h */ = {isa = PBXFileReference; fileEncoding = 4; lastKnownFileType = sourcecode.c.h; path = BTVenueDetailView.h; sourceTree = "<group>"; };
		5F6071FE1167D710003625A1 /* BTVenueDetailView.m */ = {isa = PBXFileReference; fileEncoding = 4; lastKnownFileType = sourcecode.c.objc; path = BTVenueDetailView.m; sourceTree = "<group>"; };
		5F6072D51167F7DA003625A1 /* MapKit.framework */ = {isa = PBXFileReference; lastKnownFileType = wrapper.framework; name = MapKit.framework; path = System/Library/Frameworks/MapKit.framework; sourceTree = SDKROOT; };
		5F6074631169A789003625A1 /* BTVenueSearchResults.h */ = {isa = PBXFileReference; fileEncoding = 4; lastKnownFileType = sourcecode.c.h; path = BTVenueSearchResults.h; sourceTree = "<group>"; };
		5F6074641169A789003625A1 /* BTVenueSearchResults.m */ = {isa = PBXFileReference; fileEncoding = 4; lastKnownFileType = sourcecode.c.objc; path = BTVenueSearchResults.m; sourceTree = "<group>"; };
		5F72A76B116E3B0C00F8B7A0 /* UINavigationBar+CustomImage.h */ = {isa = PBXFileReference; fileEncoding = 4; lastKnownFileType = sourcecode.c.h; path = "UINavigationBar+CustomImage.h"; sourceTree = "<group>"; };
		5F72A76C116E3B0C00F8B7A0 /* UINavigationBar+CustomImage.m */ = {isa = PBXFileReference; fileEncoding = 4; lastKnownFileType = sourcecode.c.objc; path = "UINavigationBar+CustomImage.m"; sourceTree = "<group>"; };
		5F72A7B7116F8B2400F8B7A0 /* coinCount.png */ = {isa = PBXFileReference; lastKnownFileType = image.png; path = coinCount.png; sourceTree = "<group>"; };
		5F72A7B8116F8B2400F8B7A0 /* hitPoints.png */ = {isa = PBXFileReference; lastKnownFileType = image.png; path = hitPoints.png; sourceTree = "<group>"; };
		5F72A7B9116F8B2400F8B7A0 /* trapsSetCount.png */ = {isa = PBXFileReference; lastKnownFileType = image.png; path = trapsSetCount.png; sourceTree = "<group>"; };
		5F72A7BA116F8B2400F8B7A0 /* killCount.png */ = {isa = PBXFileReference; lastKnownFileType = image.png; path = killCount.png; sourceTree = "<group>"; };
		5F72A8021170E5E300F8B7A0 /* searchnow.png */ = {isa = PBXFileReference; lastKnownFileType = image.png; path = searchnow.png; sourceTree = "<group>"; };
		5F72A84B1170E8E300F8B7A0 /* searchvenuebar.png */ = {isa = PBXFileReference; lastKnownFileType = image.png; path = searchvenuebar.png; sourceTree = "<group>"; };
		5F74866D114D65ED00A48653 /* BTSearchNavigationController.h */ = {isa = PBXFileReference; fileEncoding = 4; lastKnownFileType = sourcecode.c.h; path = BTSearchNavigationController.h; sourceTree = "<group>"; };
		5F74866E114D65ED00A48653 /* BTSearchNavigationController.m */ = {isa = PBXFileReference; fileEncoding = 4; lastKnownFileType = sourcecode.c.objc; path = BTSearchNavigationController.m; sourceTree = "<group>"; };
		5F74867E114D675800A48653 /* BTProfileNavigationController.h */ = {isa = PBXFileReference; fileEncoding = 4; lastKnownFileType = sourcecode.c.h; path = BTProfileNavigationController.h; sourceTree = "<group>"; };
		5F74867F114D675800A48653 /* BTProfileNavigationController.m */ = {isa = PBXFileReference; fileEncoding = 4; lastKnownFileType = sourcecode.c.objc; path = BTProfileNavigationController.m; sourceTree = "<group>"; };
		5F74868B114D67C300A48653 /* BTLeaderBoardNavigationController.h */ = {isa = PBXFileReference; fileEncoding = 4; lastKnownFileType = sourcecode.c.h; path = BTLeaderBoardNavigationController.h; sourceTree = "<group>"; };
		5F74868C114D67C300A48653 /* BTLeaderBoardNavigationController.m */ = {isa = PBXFileReference; fileEncoding = 4; lastKnownFileType = sourcecode.c.objc; path = BTLeaderBoardNavigationController.m; sourceTree = "<group>"; };
		5F7486B9114D6F9C00A48653 /* BTSearchInternalViewController.h */ = {isa = PBXFileReference; fileEncoding = 4; lastKnownFileType = sourcecode.c.h; path = BTSearchInternalViewController.h; sourceTree = "<group>"; };
		5F7486BA114D6F9C00A48653 /* BTSearchInternalViewController.m */ = {isa = PBXFileReference; fileEncoding = 4; lastKnownFileType = sourcecode.c.objc; path = BTSearchInternalViewController.m; sourceTree = "<group>"; };
		5F7486CD114D719100A48653 /* BTProfileInternalViewController.h */ = {isa = PBXFileReference; fileEncoding = 4; lastKnownFileType = sourcecode.c.h; path = BTProfileInternalViewController.h; sourceTree = "<group>"; };
		5F7486CE114D719100A48653 /* BTProfileInternalViewController.m */ = {isa = PBXFileReference; fileEncoding = 4; lastKnownFileType = sourcecode.c.objc; path = BTProfileInternalViewController.m; sourceTree = "<group>"; };
		5F7486D7114D721500A48653 /* BTLeaderboardInternalViewController.h */ = {isa = PBXFileReference; fileEncoding = 4; lastKnownFileType = sourcecode.c.h; path = BTLeaderboardInternalViewController.h; sourceTree = "<group>"; };
		5F7486D8114D721500A48653 /* BTLeaderboardInternalViewController.m */ = {isa = PBXFileReference; fileEncoding = 4; lastKnownFileType = sourcecode.c.objc; path = BTLeaderboardInternalViewController.m; sourceTree = "<group>"; };
		5F748781114D938D00A48653 /* BTUserProfile.h */ = {isa = PBXFileReference; fileEncoding = 4; lastKnownFileType = sourcecode.c.h; path = BTUserProfile.h; sourceTree = "<group>"; };
		5F748782114D938D00A48653 /* BTUserProfile.m */ = {isa = PBXFileReference; fileEncoding = 4; lastKnownFileType = sourcecode.c.objc; path = BTUserProfile.m; sourceTree = "<group>"; };
		5F7487B3114D9A5700A48653 /* BTNetwork.h */ = {isa = PBXFileReference; fileEncoding = 4; lastKnownFileType = sourcecode.c.h; path = BTNetwork.h; sourceTree = "<group>"; };
		5F7487B4114D9A5700A48653 /* BTNetwork.m */ = {isa = PBXFileReference; fileEncoding = 4; lastKnownFileType = sourcecode.c.objc; path = BTNetwork.m; sourceTree = "<group>"; };
		5F7487C4114D9CC900A48653 /* BTNetworkHttp.h */ = {isa = PBXFileReference; fileEncoding = 4; lastKnownFileType = sourcecode.c.h; path = BTNetworkHttp.h; sourceTree = "<group>"; };
		5F7487C5114D9CC900A48653 /* BTNetworkHttp.m */ = {isa = PBXFileReference; fileEncoding = 4; lastKnownFileType = sourcecode.c.objc; path = BTNetworkHttp.m; sourceTree = "<group>"; };
		5FF9348A1159F3EE00159ECA /* MyCLController.h */ = {isa = PBXFileReference; fileEncoding = 4; lastKnownFileType = sourcecode.c.h; path = MyCLController.h; sourceTree = "<group>"; };
		5FF9348B1159F3EE00159ECA /* MyCLController.m */ = {isa = PBXFileReference; fileEncoding = 4; lastKnownFileType = sourcecode.c.objc; path = MyCLController.m; sourceTree = "<group>"; };
		5FF9349A1159F70300159ECA /* CoreLocation.framework */ = {isa = PBXFileReference; lastKnownFileType = wrapper.framework; name = CoreLocation.framework; path = System/Library/Frameworks/CoreLocation.framework; sourceTree = SDKROOT; };
		5FF9354B115B08AE00159ECA /* profilebar1.png */ = {isa = PBXFileReference; lastKnownFileType = image.png; path = profilebar1.png; sourceTree = "<group>"; };
		5FF93551115B095500159ECA /* profilebar.png */ = {isa = PBXFileReference; lastKnownFileType = image.png; path = profilebar.png; sourceTree = "<group>"; };
		5FF93668115B347100159ECA /* user.png */ = {isa = PBXFileReference; lastKnownFileType = image.png; path = user.png; sourceTree = "<group>"; };
		5FF93711115C58CA00159ECA /* homeicon.png */ = {isa = PBXFileReference; lastKnownFileType = image.png; path = homeicon.png; sourceTree = "<group>"; };
		5FF93712115C58CA00159ECA /* leaderboardicon.png */ = {isa = PBXFileReference; lastKnownFileType = image.png; path = leaderboardicon.png; sourceTree = "<group>"; };
		5FF93713115C58CA00159ECA /* profileicon.png */ = {isa = PBXFileReference; lastKnownFileType = image.png; path = profileicon.png; sourceTree = "<group>"; };
		5FF93714115C58CA00159ECA /* searchicon.png */ = {isa = PBXFileReference; lastKnownFileType = image.png; path = searchicon.png; sourceTree = "<group>"; };
		5FF9371B115C59C100159ECA /* homeViewTopBanner.png */ = {isa = PBXFileReference; lastKnownFileType = image.png; path = homeViewTopBanner.png; sourceTree = "<group>"; };
		8D1107310486CEB800E47090 /* Traps-Info.plist */ = {isa = PBXFileReference; fileEncoding = 4; lastKnownFileType = text.plist.xml; path = "Traps-Info.plist"; sourceTree = "<group>"; };
		CD885DA2114D5EAD0002DFAF /* BTTabBarController.h */ = {isa = PBXFileReference; fileEncoding = 4; lastKnownFileType = sourcecode.c.h; path = BTTabBarController.h; sourceTree = "<group>"; };
		CD885DA3114D5EAD0002DFAF /* BTTabBarController.m */ = {isa = PBXFileReference; fileEncoding = 4; lastKnownFileType = sourcecode.c.objc; path = BTTabBarController.m; sourceTree = "<group>"; };
		CD885DAA114D5FA70002DFAF /* BTConstants.h */ = {isa = PBXFileReference; fileEncoding = 4; lastKnownFileType = sourcecode.c.h; path = BTConstants.h; sourceTree = "<group>"; };
		CD885DCB114D62D80002DFAF /* BTHomeNavigationController.h */ = {isa = PBXFileReference; fileEncoding = 4; lastKnownFileType = sourcecode.c.h; path = BTHomeNavigationController.h; sourceTree = "<group>"; };
		CD885DCC114D62D80002DFAF /* BTHomeNavigationController.m */ = {isa = PBXFileReference; fileEncoding = 4; lastKnownFileType = sourcecode.c.objc; path = BTHomeNavigationController.m; sourceTree = "<group>"; };
		CD885E0B114D68E00002DFAF /* BTHomeInternalViewController.h */ = {isa = PBXFileReference; fileEncoding = 4; lastKnownFileType = sourcecode.c.h; path = BTHomeInternalViewController.h; sourceTree = "<group>"; };
		CD885E0C114D68E00002DFAF /* BTHomeInternalViewController.m */ = {isa = PBXFileReference; fileEncoding = 4; lastKnownFileType = sourcecode.c.objc; path = BTHomeInternalViewController.m; sourceTree = "<group>"; };
		CD885E57114D80D40002DFAF /* FBConnect.h */ = {isa = PBXFileReference; fileEncoding = 4; lastKnownFileType = sourcecode.c.h; name = FBConnect.h; path = "lib/facebook-iphone-sdk/src/FBConnect/FBConnect.h"; sourceTree = SOURCE_ROOT; };
		CD885E58114D80D40002DFAF /* FBConnectGlobal.h */ = {isa = PBXFileReference; fileEncoding = 4; lastKnownFileType = sourcecode.c.h; name = FBConnectGlobal.h; path = "lib/facebook-iphone-sdk/src/FBConnect/FBConnectGlobal.h"; sourceTree = SOURCE_ROOT; };
		CD885E59114D80D40002DFAF /* FBConnectGlobal.m */ = {isa = PBXFileReference; fileEncoding = 4; lastKnownFileType = sourcecode.c.objc; name = FBConnectGlobal.m; path = "lib/facebook-iphone-sdk/src/FBConnectGlobal.m"; sourceTree = SOURCE_ROOT; };
		CD885E5A114D80D40002DFAF /* FBSession.h */ = {isa = PBXFileReference; fileEncoding = 4; lastKnownFileType = sourcecode.c.h; name = FBSession.h; path = "lib/facebook-iphone-sdk/src/FBConnect/FBSession.h"; sourceTree = SOURCE_ROOT; };
		CD885E5B114D80D40002DFAF /* FBSession.m */ = {isa = PBXFileReference; fileEncoding = 4; lastKnownFileType = sourcecode.c.objc; name = FBSession.m; path = "lib/facebook-iphone-sdk/src/FBSession.m"; sourceTree = SOURCE_ROOT; };
		CD885E5C114D80D40002DFAF /* FBRequest.h */ = {isa = PBXFileReference; fileEncoding = 4; lastKnownFileType = sourcecode.c.h; name = FBRequest.h; path = "lib/facebook-iphone-sdk/src/FBConnect/FBRequest.h"; sourceTree = SOURCE_ROOT; };
		CD885E5D114D80D40002DFAF /* FBRequest.m */ = {isa = PBXFileReference; fileEncoding = 4; lastKnownFileType = sourcecode.c.objc; name = FBRequest.m; path = "lib/facebook-iphone-sdk/src/FBRequest.m"; sourceTree = SOURCE_ROOT; };
		CD885E5E114D80D40002DFAF /* FBXMLHandler.h */ = {isa = PBXFileReference; fileEncoding = 4; lastKnownFileType = sourcecode.c.h; name = FBXMLHandler.h; path = "lib/facebook-iphone-sdk/src/FBXMLHandler.h"; sourceTree = SOURCE_ROOT; };
		CD885E5F114D80D40002DFAF /* FBXMLHandler.m */ = {isa = PBXFileReference; fileEncoding = 4; lastKnownFileType = sourcecode.c.objc; name = FBXMLHandler.m; path = "lib/facebook-iphone-sdk/src/FBXMLHandler.m"; sourceTree = SOURCE_ROOT; };
		CD885E60114D80D40002DFAF /* FBLoginButton.h */ = {isa = PBXFileReference; fileEncoding = 4; lastKnownFileType = sourcecode.c.h; name = FBLoginButton.h; path = "lib/facebook-iphone-sdk/src/FBConnect/FBLoginButton.h"; sourceTree = SOURCE_ROOT; };
		CD885E61114D80D40002DFAF /* FBLoginButton.m */ = {isa = PBXFileReference; fileEncoding = 4; lastKnownFileType = sourcecode.c.objc; name = FBLoginButton.m; path = "lib/facebook-iphone-sdk/src/FBLoginButton.m"; sourceTree = SOURCE_ROOT; };
		CD885E62114D80D40002DFAF /* FBDialog.h */ = {isa = PBXFileReference; fileEncoding = 4; lastKnownFileType = sourcecode.c.h; name = FBDialog.h; path = "lib/facebook-iphone-sdk/src/FBConnect/FBDialog.h"; sourceTree = SOURCE_ROOT; };
		CD885E63114D80D40002DFAF /* FBDialog.m */ = {isa = PBXFileReference; fileEncoding = 4; lastKnownFileType = sourcecode.c.objc; name = FBDialog.m; path = "lib/facebook-iphone-sdk/src/FBDialog.m"; sourceTree = SOURCE_ROOT; };
		CD885E64114D80D40002DFAF /* FBLoginDialog.h */ = {isa = PBXFileReference; fileEncoding = 4; lastKnownFileType = sourcecode.c.h; name = FBLoginDialog.h; path = "lib/facebook-iphone-sdk/src/FBConnect/FBLoginDialog.h"; sourceTree = SOURCE_ROOT; };
		CD885E65114D80D40002DFAF /* FBLoginDialog.m */ = {isa = PBXFileReference; fileEncoding = 4; lastKnownFileType = sourcecode.c.objc; name = FBLoginDialog.m; path = "lib/facebook-iphone-sdk/src/FBLoginDialog.m"; sourceTree = SOURCE_ROOT; };
		CD885E66114D80D40002DFAF /* FBPermissionDialog.h */ = {isa = PBXFileReference; fileEncoding = 4; lastKnownFileType = sourcecode.c.h; name = FBPermissionDialog.h; path = "lib/facebook-iphone-sdk/src/FBConnect/FBPermissionDialog.h"; sourceTree = SOURCE_ROOT; };
		CD885E67114D80D40002DFAF /* FBPermissionDialog.m */ = {isa = PBXFileReference; fileEncoding = 4; lastKnownFileType = sourcecode.c.objc; name = FBPermissionDialog.m; path = "lib/facebook-iphone-sdk/src/FBPermissionDialog.m"; sourceTree = SOURCE_ROOT; };
		CD885E68114D80D40002DFAF /* FBStreamDialog.h */ = {isa = PBXFileReference; fileEncoding = 4; lastKnownFileType = sourcecode.c.h; name = FBStreamDialog.h; path = "lib/facebook-iphone-sdk/src/FBConnect/FBStreamDialog.h"; sourceTree = SOURCE_ROOT; };
		CD885E69114D80D40002DFAF /* FBStreamDialog.m */ = {isa = PBXFileReference; fileEncoding = 4; lastKnownFileType = sourcecode.c.objc; name = FBStreamDialog.m; path = "lib/facebook-iphone-sdk/src/FBStreamDialog.m"; sourceTree = SOURCE_ROOT; };
		CD885E6A114D80D40002DFAF /* FBConnect.bundle */ = {isa = PBXFileReference; lastKnownFileType = "wrapper.plug-in"; name = FBConnect.bundle; path = "lib/facebook-iphone-sdk/src/FBConnect.bundle"; sourceTree = SOURCE_ROOT; };
		CD885F11114D9F950002DFAF /* NSString+URLAdditions.h */ = {isa = PBXFileReference; fileEncoding = 4; lastKnownFileType = sourcecode.c.h; path = "NSString+URLAdditions.h"; sourceTree = "<group>"; };
		CD885F12114D9F950002DFAF /* NSString+URLAdditions.m */ = {isa = PBXFileReference; fileEncoding = 4; lastKnownFileType = sourcecode.c.objc; path = "NSString+URLAdditions.m"; sourceTree = "<group>"; };
		CD885F41114DA38F0002DFAF /* BTInvocationMaker.h */ = {isa = PBXFileReference; fileEncoding = 4; lastKnownFileType = sourcecode.c.h; path = BTInvocationMaker.h; sourceTree = "<group>"; };
		CD885F42114DA38F0002DFAF /* BTInvocationMaker.m */ = {isa = PBXFileReference; fileEncoding = 4; lastKnownFileType = sourcecode.c.objc; path = BTInvocationMaker.m; sourceTree = "<group>"; };
/* End PBXFileReference section */

/* Begin PBXFrameworksBuildPhase section */
		1D60588F0D05DD3D006BFB54 /* Frameworks */ = {
			isa = PBXFrameworksBuildPhase;
			buildActionMask = 2147483647;
			files = (
				1D60589F0D05DD5A006BFB54 /* Foundation.framework in Frameworks */,
				1DF5F4E00D08C38300B7A737 /* UIKit.framework in Frameworks */,
				288765A50DF7441C002DB57D /* CoreGraphics.framework in Frameworks */,
				5FF9349B1159F70300159ECA /* CoreLocation.framework in Frameworks */,
				5F6072D61167F7DA003625A1 /* MapKit.framework in Frameworks */,
			);
			runOnlyForDeploymentPostprocessing = 0;
		};
/* End PBXFrameworksBuildPhase section */

/* Begin PBXGroup section */
		080E96DDFE201D6D7F000001 /* Classes */ = {
			isa = PBXGroup;
			children = (
				CD885DAA114D5FA70002DFAF /* BTConstants.h */,
				1D3623240D0F684500981E51 /* TrapsAppDelegate.h */,
				1D3623250D0F684500981E51 /* TrapsAppDelegate.m */,
				CD885E97114D84C10002DFAF /* Model */,
				5F7487B2114D9A4900A48653 /* Network */,
				CD885E56114D80D40002DFAF /* FBConnect */,
				CD885DA1114D5E5C0002DFAF /* Views + Controllers */,
			);
			path = Classes;
			sourceTree = "<group>";
		};
		19C28FACFE9D520D11CA2CBB /* Products */ = {
			isa = PBXGroup;
			children = (
				1D6058910D05DD3D006BFB54 /* Traps.app */,
			);
			name = Products;
			sourceTree = "<group>";
		};
		29B97314FDCFA39411CA2CEA /* CustomTemplate */ = {
			isa = PBXGroup;
			children = (
				080E96DDFE201D6D7F000001 /* Classes */,
				29B97315FDCFA39411CA2CEA /* Other Sources */,
				29B97317FDCFA39411CA2CEA /* Resources-iPhone */,
				29B97323FDCFA39411CA2CEA /* Frameworks */,
				19C28FACFE9D520D11CA2CBB /* Products */,
			);
			name = CustomTemplate;
			sourceTree = "<group>";
		};
		29B97315FDCFA39411CA2CEA /* Other Sources */ = {
			isa = PBXGroup;
			children = (
				32CA4F630368D1EE00C91783 /* Traps_Prefix.pch */,
				29B97316FDCFA39411CA2CEA /* main.m */,
			);
			name = "Other Sources";
			sourceTree = "<group>";
		};
		29B97317FDCFA39411CA2CEA /* Resources-iPhone */ = {
			isa = PBXGroup;
			children = (
				5F7489B611586DB500A48653 /* images */,
				28AD733E0D9D9553002E5188 /* MainWindow.xib */,
				8D1107310486CEB800E47090 /* Traps-Info.plist */,
			);
			name = "Resources-iPhone";
			sourceTree = "<group>";
		};
		29B97323FDCFA39411CA2CEA /* Frameworks */ = {
			isa = PBXGroup;
			children = (
				1DF5F4DF0D08C38300B7A737 /* UIKit.framework */,
				1D30AB110D05D00D00671497 /* Foundation.framework */,
				288765A40DF7441C002DB57D /* CoreGraphics.framework */,
				5FF9349A1159F70300159ECA /* CoreLocation.framework */,
				5F6072D51167F7DA003625A1 /* MapKit.framework */,
			);
			name = Frameworks;
			sourceTree = "<group>";
		};
		5F72A84A1170E8D800F8B7A0 /* SearchImages */ = {
			isa = PBXGroup;
			children = (
				5F72A84B1170E8E300F8B7A0 /* searchvenuebar.png */,
			);
			name = SearchImages;
			sourceTree = "<group>";
		};
		5F7487B2114D9A4900A48653 /* Network */ = {
			isa = PBXGroup;
			children = (
				5F606FA61162E31E003625A1 /* asyncimageview.h */,
				5F606FA71162E31E003625A1 /* asyncimageview.m */,
				CD885F11114D9F950002DFAF /* NSString+URLAdditions.h */,
				CD885F12114D9F950002DFAF /* NSString+URLAdditions.m */,
				CD885F41114DA38F0002DFAF /* BTInvocationMaker.h */,
				CD885F42114DA38F0002DFAF /* BTInvocationMaker.m */,
				5F7487B3114D9A5700A48653 /* BTNetwork.h */,
				5F7487B4114D9A5700A48653 /* BTNetwork.m */,
				5F7487C4114D9CC900A48653 /* BTNetworkHttp.h */,
				5F7487C5114D9CC900A48653 /* BTNetworkHttp.m */,
			);
			name = Network;
			sourceTree = "<group>";
		};
		5F7489B611586DB500A48653 /* images */ = {
			isa = PBXGroup;
			children = (
				5F72A84A1170E8D800F8B7A0 /* SearchImages */,
				5FF93531115B06F200159ECA /* TabBarIcons */,
				5F7489B711586DBC00A48653 /* HomeViewImages */,
			);
			name = images;
			sourceTree = "<group>";
		};
		5F7489B711586DBC00A48653 /* HomeViewImages */ = {
			isa = PBXGroup;
			children = (
				5FF9354A115B089200159ECA /* StatusIcons */,
				5FF9371B115C59C100159ECA /* homeViewTopBanner.png */,
				5FF93668115B347100159ECA /* user.png */,
				5FF93551115B095500159ECA /* profilebar.png */,
				5F72A8021170E5E300F8B7A0 /* searchnow.png */,
				5FF9354B115B08AE00159ECA /* profilebar1.png */,
			);
			name = HomeViewImages;
			sourceTree = "<group>";
		};
		5FF93531115B06F200159ECA /* TabBarIcons */ = {
			isa = PBXGroup;
			children = (
				5FF93711115C58CA00159ECA /* homeicon.png */,
				5FF93712115C58CA00159ECA /* leaderboardicon.png */,
				5FF93713115C58CA00159ECA /* profileicon.png */,
				5FF93714115C58CA00159ECA /* searchicon.png */,
			);
			name = TabBarIcons;
			sourceTree = "<group>";
		};
		5FF9354A115B089200159ECA /* StatusIcons */ = {
			isa = PBXGroup;
			children = (
				5F72A7B7116F8B2400F8B7A0 /* coinCount.png */,
				5F72A7B8116F8B2400F8B7A0 /* hitPoints.png */,
				5F72A7B9116F8B2400F8B7A0 /* trapsSetCount.png */,
				5F72A7BA116F8B2400F8B7A0 /* killCount.png */,
			);
			name = StatusIcons;
			sourceTree = "<group>";
		};
		CD885DA1114D5E5C0002DFAF /* Views + Controllers */ = {
			isa = PBXGroup;
			children = (
				5F72A76B116E3B0C00F8B7A0 /* UINavigationBar+CustomImage.h */,
				5F72A76C116E3B0C00F8B7A0 /* UINavigationBar+CustomImage.m */,
				CD885DA2114D5EAD0002DFAF /* BTTabBarController.h */,
				CD885DA3114D5EAD0002DFAF /* BTTabBarController.m */,
				CD885DC7114D623F0002DFAF /* Home */,
				CD885DC8114D62450002DFAF /* Search */,
				CD885DC9114D624C0002DFAF /* Profile */,
				CD885DCA114D62550002DFAF /* Leaderboard */,
			);
			name = "Views + Controllers";
			sourceTree = "<group>";
		};
		CD885DC7114D623F0002DFAF /* Home */ = {
			isa = PBXGroup;
			children = (
				CD885DCB114D62D80002DFAF /* BTHomeNavigationController.h */,
				CD885DCC114D62D80002DFAF /* BTHomeNavigationController.m */,
				CD885E0B114D68E00002DFAF /* BTHomeInternalViewController.h */,
				CD885E0C114D68E00002DFAF /* BTHomeInternalViewController.m */,
			);
			name = Home;
			sourceTree = "<group>";
		};
		CD885DC8114D62450002DFAF /* Search */ = {
			isa = PBXGroup;
			children = (
				5FF9348A1159F3EE00159ECA /* MyCLController.h */,
				5FF9348B1159F3EE00159ECA /* MyCLController.m */,
				5F74866D114D65ED00A48653 /* BTSearchNavigationController.h */,
				5F74866E114D65ED00A48653 /* BTSearchNavigationController.m */,
				5F7486B9114D6F9C00A48653 /* BTSearchInternalViewController.h */,
				5F7486BA114D6F9C00A48653 /* BTSearchInternalViewController.m */,
				5F6071FD1167D710003625A1 /* BTVenueDetailView.h */,
				5F6071FE1167D710003625A1 /* BTVenueDetailView.m */,
				5F6074631169A789003625A1 /* BTVenueSearchResults.h */,
				5F6074641169A789003625A1 /* BTVenueSearchResults.m */,
			);
			name = Search;
			sourceTree = "<group>";
		};
		CD885DC9114D624C0002DFAF /* Profile */ = {
			isa = PBXGroup;
			children = (
				5F74867E114D675800A48653 /* BTProfileNavigationController.h */,
				5F74867F114D675800A48653 /* BTProfileNavigationController.m */,
				5F7486CD114D719100A48653 /* BTProfileInternalViewController.h */,
				5F7486CE114D719100A48653 /* BTProfileInternalViewController.m */,
				5F606D6F1161C107003625A1 /* BTUserHistoryTableViewController.h */,
				5F606D701161C107003625A1 /* BTUserHistoryTableViewController.m */,
				5F606DC81161CBC9003625A1 /* BTUserInventoryTableView.h */,
				5F606DC91161CBC9003625A1 /* BTUserInventoryTableView.m */,
			);
			name = Profile;
			sourceTree = "<group>";
		};
		CD885DCA114D62550002DFAF /* Leaderboard */ = {
			isa = PBXGroup;
			children = (
				5F74868B114D67C300A48653 /* BTLeaderBoardNavigationController.h */,
				5F74868C114D67C300A48653 /* BTLeaderBoardNavigationController.m */,
				5F7486D7114D721500A48653 /* BTLeaderboardInternalViewController.h */,
				5F7486D8114D721500A48653 /* BTLeaderboardInternalViewController.m */,
			);
			name = Leaderboard;
			sourceTree = "<group>";
		};
		CD885E56114D80D40002DFAF /* FBConnect */ = {
			isa = PBXGroup;
			children = (
				CD885E57114D80D40002DFAF /* FBConnect.h */,
				CD885E58114D80D40002DFAF /* FBConnectGlobal.h */,
				CD885E59114D80D40002DFAF /* FBConnectGlobal.m */,
				CD885E5A114D80D40002DFAF /* FBSession.h */,
				CD885E5B114D80D40002DFAF /* FBSession.m */,
				CD885E5C114D80D40002DFAF /* FBRequest.h */,
				CD885E5D114D80D40002DFAF /* FBRequest.m */,
				CD885E5E114D80D40002DFAF /* FBXMLHandler.h */,
				CD885E5F114D80D40002DFAF /* FBXMLHandler.m */,
				CD885E60114D80D40002DFAF /* FBLoginButton.h */,
				CD885E61114D80D40002DFAF /* FBLoginButton.m */,
				CD885E62114D80D40002DFAF /* FBDialog.h */,
				CD885E63114D80D40002DFAF /* FBDialog.m */,
				CD885E64114D80D40002DFAF /* FBLoginDialog.h */,
				CD885E65114D80D40002DFAF /* FBLoginDialog.m */,
				CD885E66114D80D40002DFAF /* FBPermissionDialog.h */,
				CD885E67114D80D40002DFAF /* FBPermissionDialog.m */,
				CD885E68114D80D40002DFAF /* FBStreamDialog.h */,
				CD885E69114D80D40002DFAF /* FBStreamDialog.m */,
				CD885E6A114D80D40002DFAF /* FBConnect.bundle */,
			);
			name = FBConnect;
			sourceTree = "<group>";
		};
		CD885E97114D84C10002DFAF /* Model */ = {
			isa = PBXGroup;
			children = (
				5F748781114D938D00A48653 /* BTUserProfile.h */,
				5F748782114D938D00A48653 /* BTUserProfile.m */,
			);
			name = Model;
			sourceTree = "<group>";
		};
/* End PBXGroup section */

/* Begin PBXNativeTarget section */
		1D6058900D05DD3D006BFB54 /* Traps */ = {
			isa = PBXNativeTarget;
			buildConfigurationList = 1D6058960D05DD3E006BFB54 /* Build configuration list for PBXNativeTarget "Traps" */;
			buildPhases = (
				1D60588D0D05DD3D006BFB54 /* Resources */,
				1D60588E0D05DD3D006BFB54 /* Sources */,
				1D60588F0D05DD3D006BFB54 /* Frameworks */,
			);
			buildRules = (
			);
			dependencies = (
			);
			name = Traps;
			productName = Traps;
			productReference = 1D6058910D05DD3D006BFB54 /* Traps.app */;
			productType = "com.apple.product-type.application";
		};
/* End PBXNativeTarget section */

/* Begin PBXProject section */
		29B97313FDCFA39411CA2CEA /* Project object */ = {
			isa = PBXProject;
			buildConfigurationList = C01FCF4E08A954540054247B /* Build configuration list for PBXProject "Traps" */;
			compatibilityVersion = "Xcode 3.2";
			hasScannedForEncodings = 1;
			mainGroup = 29B97314FDCFA39411CA2CEA /* CustomTemplate */;
			projectDirPath = "";
			projectRoot = "";
			targets = (
				1D6058900D05DD3D006BFB54 /* Traps */,
			);
		};
/* End PBXProject section */

/* Begin PBXResourcesBuildPhase section */
		1D60588D0D05DD3D006BFB54 /* Resources */ = {
			isa = PBXResourcesBuildPhase;
			buildActionMask = 2147483647;
			files = (
				28AD733F0D9D9553002E5188 /* MainWindow.xib in Resources */,
				CD885E74114D80D40002DFAF /* FBConnect.bundle in Resources */,
				5FF9354C115B08AE00159ECA /* profilebar1.png in Resources */,
				5FF93552115B095500159ECA /* profilebar.png in Resources */,
				5FF93669115B347100159ECA /* user.png in Resources */,
				5FF93715115C58CA00159ECA /* homeicon.png in Resources */,
				5FF93716115C58CA00159ECA /* leaderboardicon.png in Resources */,
				5FF93717115C58CA00159ECA /* profileicon.png in Resources */,
				5FF93718115C58CA00159ECA /* searchicon.png in Resources */,
				5FF9371C115C59C100159ECA /* homeViewTopBanner.png in Resources */,
				5F72A7BB116F8B2400F8B7A0 /* coinCount.png in Resources */,
				5F72A7BC116F8B2400F8B7A0 /* hitPoints.png in Resources */,
				5F72A7BD116F8B2400F8B7A0 /* trapsSetCount.png in Resources */,
				5F72A7BE116F8B2400F8B7A0 /* killCount.png in Resources */,
				5F72A8031170E5E300F8B7A0 /* searchnow.png in Resources */,
				5F72A84C1170E8E300F8B7A0 /* searchvenuebar.png in Resources */,
			);
			runOnlyForDeploymentPostprocessing = 0;
		};
/* End PBXResourcesBuildPhase section */

/* Begin PBXSourcesBuildPhase section */
		1D60588E0D05DD3D006BFB54 /* Sources */ = {
			isa = PBXSourcesBuildPhase;
			buildActionMask = 2147483647;
			files = (
				1D60589B0D05DD56006BFB54 /* main.m in Sources */,
				1D3623260D0F684500981E51 /* TrapsAppDelegate.m in Sources */,
				CD885DA4114D5EAD0002DFAF /* BTTabBarController.m in Sources */,
				CD885DCD114D62D80002DFAF /* BTHomeNavigationController.m in Sources */,
				5F74866F114D65ED00A48653 /* BTSearchNavigationController.m in Sources */,
				5F748680114D675800A48653 /* BTProfileNavigationController.m in Sources */,
				5F74868D114D67C300A48653 /* BTLeaderBoardNavigationController.m in Sources */,
				CD885E0D114D68E00002DFAF /* BTHomeInternalViewController.m in Sources */,
				5F7486BB114D6F9C00A48653 /* BTSearchInternalViewController.m in Sources */,
				5F7486CF114D719100A48653 /* BTProfileInternalViewController.m in Sources */,
				5F7486D9114D721500A48653 /* BTLeaderboardInternalViewController.m in Sources */,
				CD885E6B114D80D40002DFAF /* FBConnectGlobal.m in Sources */,
				CD885E6C114D80D40002DFAF /* FBSession.m in Sources */,
				CD885E6D114D80D40002DFAF /* FBRequest.m in Sources */,
				CD885E6E114D80D40002DFAF /* FBXMLHandler.m in Sources */,
				CD885E6F114D80D40002DFAF /* FBLoginButton.m in Sources */,
				CD885E70114D80D40002DFAF /* FBDialog.m in Sources */,
				CD885E71114D80D40002DFAF /* FBLoginDialog.m in Sources */,
				CD885E72114D80D40002DFAF /* FBPermissionDialog.m in Sources */,
				CD885E73114D80D40002DFAF /* FBStreamDialog.m in Sources */,
				5F748783114D938D00A48653 /* BTUserProfile.m in Sources */,
				5F7487B5114D9A5700A48653 /* BTNetwork.m in Sources */,
				5F7487C6114D9CC900A48653 /* BTNetworkHttp.m in Sources */,
				CD885F13114D9F950002DFAF /* NSString+URLAdditions.m in Sources */,
				CD885F43114DA38F0002DFAF /* BTInvocationMaker.m in Sources */,
				5FF9348C1159F3EE00159ECA /* MyCLController.m in Sources */,
				5F606D711161C107003625A1 /* BTUserHistoryTableViewController.m in Sources */,
				5F606DCA1161CBC9003625A1 /* BTUserInventoryTableView.m in Sources */,
				5F606FA81162E31E003625A1 /* asyncimageview.m in Sources */,
				5F6071FF1167D710003625A1 /* BTVenueDetailView.m in Sources */,
				5F6074651169A789003625A1 /* BTVenueSearchResults.m in Sources */,
				5F72A76D116E3B0C00F8B7A0 /* UINavigationBar+CustomImage.m in Sources */,
			);
			runOnlyForDeploymentPostprocessing = 0;
		};
/* End PBXSourcesBuildPhase section */

/* Begin XCBuildConfiguration section */
		1D6058940D05DD3E006BFB54 /* Debug */ = {
			isa = XCBuildConfiguration;
			buildSettings = {
				ADDITIONAL_SDKS = "$HOME/Library/SDKs/JSON/$(PLATFORM_NAME).sdk";
				ALWAYS_SEARCH_USER_PATHS = NO;
				"CODE_SIGN_IDENTITY[sdk=iphoneos*]" = "iPhone Developer: roderic campbell (6453R9QR3T)";
				COPY_PHASE_STRIP = NO;
				GCC_DYNAMIC_NO_PIC = NO;
				GCC_OPTIMIZATION_LEVEL = 0;
				GCC_PRECOMPILE_PREFIX_HEADER = YES;
				GCC_PREFIX_HEADER = Traps_Prefix.pch;
				INFOPLIST_FILE = "Traps-Info.plist";
				OTHER_LDFLAGS = (
					"-ObjC",
					"-ljson",
				);
				PRODUCT_NAME = Traps;
				"PROVISIONING_PROFILE[sdk=iphoneos*]" = "483C20E5-60DC-41CE-A346-DE0EAA0CA4AF";
			};
			name = Debug;
		};
		1D6058950D05DD3E006BFB54 /* Release */ = {
			isa = XCBuildConfiguration;
			buildSettings = {
				ADDITIONAL_SDKS = "$HOME/Library/SDKs/JSON/$(PLATFORM_NAME).sdk";
				ALWAYS_SEARCH_USER_PATHS = NO;
				"CODE_SIGN_IDENTITY[sdk=iphoneos*]" = "iPhone Developer: roderic campbell (6453R9QR3T)";
				COPY_PHASE_STRIP = YES;
				GCC_PRECOMPILE_PREFIX_HEADER = YES;
				GCC_PREFIX_HEADER = Traps_Prefix.pch;
				INFOPLIST_FILE = "Traps-Info.plist";
				OTHER_LDFLAGS = (
					"-ObjC",
					"-ljson",
				);
				PRODUCT_NAME = Traps;
				"PROVISIONING_PROFILE[sdk=iphoneos*]" = "483C20E5-60DC-41CE-A346-DE0EAA0CA4AF";
				VALIDATE_PRODUCT = YES;
			};
			name = Release;
		};
		C01FCF4F08A954540054247B /* Debug */ = {
			isa = XCBuildConfiguration;
			buildSettings = {
				ARCHS = "$(ARCHS_STANDARD_32_BIT)";
				"CODE_SIGN_IDENTITY[sdk=iphoneos*]" = "iPhone Developer";
				GCC_C_LANGUAGE_STANDARD = c99;
				GCC_WARN_ABOUT_RETURN_TYPE = YES;
				GCC_WARN_UNUSED_VARIABLE = YES;
				HEADER_SEARCH_PATHS = "./lib/facebook-iphone-sdk/src";
				PREBINDING = NO;
				SDKROOT = iphoneos3.0;
			};
			name = Debug;
		};
		C01FCF5008A954540054247B /* Release */ = {
			isa = XCBuildConfiguration;
			buildSettings = {
				ARCHS = "$(ARCHS_STANDARD_32_BIT)";
				"CODE_SIGN_IDENTITY[sdk=iphoneos*]" = "iPhone Developer";
				GCC_C_LANGUAGE_STANDARD = c99;
				GCC_WARN_ABOUT_RETURN_TYPE = YES;
				GCC_WARN_UNUSED_VARIABLE = YES;
				PREBINDING = NO;
				SDKROOT = iphoneos3.0;
			};
			name = Release;
		};
/* End XCBuildConfiguration section */

/* Begin XCConfigurationList section */
		1D6058960D05DD3E006BFB54 /* Build configuration list for PBXNativeTarget "Traps" */ = {
			isa = XCConfigurationList;
			buildConfigurations = (
				1D6058940D05DD3E006BFB54 /* Debug */,
				1D6058950D05DD3E006BFB54 /* Release */,
			);
			defaultConfigurationIsVisible = 0;
			defaultConfigurationName = Release;
		};
		C01FCF4E08A954540054247B /* Build configuration list for PBXProject "Traps" */ = {
			isa = XCConfigurationList;
			buildConfigurations = (
				C01FCF4F08A954540054247B /* Debug */,
				C01FCF5008A954540054247B /* Release */,
			);
			defaultConfigurationIsVisible = 0;
			defaultConfigurationName = Release;
		};
/* End XCConfigurationList section */
	};
	rootObject = 29B97313FDCFA39411CA2CEA /* Project object */;
}
