// !$*UTF8*$!
{
	archiveVersion = 1;
	classes = {
	};
	objectVersion = 46;
	objects = {

/* Begin PBXBuildFile section */
		1D3623260D0F684500981E51 /* TrapsAppDelegate.m in Sources */ = {isa = PBXBuildFile; fileRef = 1D3623250D0F684500981E51 /* TrapsAppDelegate.m */; };
		1D60589B0D05DD56006BFB54 /* main.m in Sources */ = {isa = PBXBuildFile; fileRef = 29B97316FDCFA39411CA2CEA /* main.m */; };
		1D60589F0D05DD5A006BFB54 /* Foundation.framework in Frameworks */ = {isa = PBXBuildFile; fileRef = 1D30AB110D05D00D00671497 /* Foundation.framework */; };
		1DF5F4E00D08C38300B7A737 /* UIKit.framework in Frameworks */ = {isa = PBXBuildFile; fileRef = 1DF5F4DF0D08C38300B7A737 /* UIKit.framework */; };
		288765A50DF7441C002DB57D /* CoreGraphics.framework in Frameworks */ = {isa = PBXBuildFile; fileRef = 288765A40DF7441C002DB57D /* CoreGraphics.framework */; };
		28AD733F0D9D9553002E5188 /* MainWindow.xib in Resources */ = {isa = PBXBuildFile; fileRef = 28AD733E0D9D9553002E5188 /* MainWindow.xib */; };
		5F20DB6C1188067A00521BA3 /* libxml2.dylib in Frameworks */ = {isa = PBXBuildFile; fileRef = 5F20DB6B1188067A00521BA3 /* libxml2.dylib */; };
		5F20DBF611880C7800521BA3 /* Base64Transcoder.c in Sources */ = {isa = PBXBuildFile; fileRef = 5F20DBCB11880C7700521BA3 /* Base64Transcoder.c */; };
		5F20DBF711880C7800521BA3 /* MPOAuthAPI.m in Sources */ = {isa = PBXBuildFile; fileRef = 5F20DBD011880C7700521BA3 /* MPOAuthAPI.m */; };
		5F20DBF811880C7800521BA3 /* MPOAuthAPIRequestLoader.m in Sources */ = {isa = PBXBuildFile; fileRef = 5F20DBD211880C7700521BA3 /* MPOAuthAPIRequestLoader.m */; };
		5F20DBF911880C7800521BA3 /* MPOAuthAuthenticationMethod.m in Sources */ = {isa = PBXBuildFile; fileRef = 5F20DBD411880C7700521BA3 /* MPOAuthAuthenticationMethod.m */; };
		5F20DBFA11880C7800521BA3 /* MPOAuthAuthenticationMethodAuthExchange.m in Sources */ = {isa = PBXBuildFile; fileRef = 5F20DBD611880C7700521BA3 /* MPOAuthAuthenticationMethodAuthExchange.m */; };
		5F20DBFB11880C7800521BA3 /* MPOAuthAuthenticationMethodOAuth.m in Sources */ = {isa = PBXBuildFile; fileRef = 5F20DBD811880C7700521BA3 /* MPOAuthAuthenticationMethodOAuth.m */; };
		5F20DBFC11880C7800521BA3 /* MPOAuthAuthenticationMethodXAuth.m in Sources */ = {isa = PBXBuildFile; fileRef = 5F20DBDA11880C7700521BA3 /* MPOAuthAuthenticationMethodXAuth.m */; };
		5F20DBFD11880C7800521BA3 /* MPOAuthConnection.m in Sources */ = {isa = PBXBuildFile; fileRef = 5F20DBDC11880C7700521BA3 /* MPOAuthConnection.m */; };
		5F20DBFE11880C7800521BA3 /* MPOAuthCredentiaIConcreteStore+KeychainAdditionsMac.m in Sources */ = {isa = PBXBuildFile; fileRef = 5F20DBDD11880C7700521BA3 /* MPOAuthCredentiaIConcreteStore+KeychainAdditionsMac.m */; };
		5F20DBFF11880C7800521BA3 /* MPOAuthCredentialConcreteStore+KeychainAdditionsiPhone.m in Sources */ = {isa = PBXBuildFile; fileRef = 5F20DBDF11880C7700521BA3 /* MPOAuthCredentialConcreteStore+KeychainAdditionsiPhone.m */; };
		5F20DC0011880C7800521BA3 /* MPOAuthCredentialConcreteStore.m in Sources */ = {isa = PBXBuildFile; fileRef = 5F20DBE111880C7700521BA3 /* MPOAuthCredentialConcreteStore.m */; };
		5F20DC0111880C7800521BA3 /* MPOAuthSignatureParameter.m in Sources */ = {isa = PBXBuildFile; fileRef = 5F20DBE511880C7800521BA3 /* MPOAuthSignatureParameter.m */; };
		5F20DC0211880C7800521BA3 /* MPOAuthURLRequest.m in Sources */ = {isa = PBXBuildFile; fileRef = 5F20DBE711880C7800521BA3 /* MPOAuthURLRequest.m */; };
		5F20DC0311880C7800521BA3 /* MPOAuthURLResponse.m in Sources */ = {isa = PBXBuildFile; fileRef = 5F20DBE911880C7800521BA3 /* MPOAuthURLResponse.m */; };
		5F20DC0411880C7800521BA3 /* MPURLRequestParameter.m in Sources */ = {isa = PBXBuildFile; fileRef = 5F20DBEB11880C7800521BA3 /* MPURLRequestParameter.m */; };
		5F20DC0511880C7800521BA3 /* MPWSLRDDiscoverer.m in Sources */ = {isa = PBXBuildFile; fileRef = 5F20DBED11880C7800521BA3 /* MPWSLRDDiscoverer.m */; };
		5F20DC0611880C7800521BA3 /* MPWSXRDDocument.m in Sources */ = {isa = PBXBuildFile; fileRef = 5F20DBEF11880C7800521BA3 /* MPWSXRDDocument.m */; };
		5F20DC0711880C7800521BA3 /* NSString+URLEscapingAdditions.m in Sources */ = {isa = PBXBuildFile; fileRef = 5F20DBF111880C7800521BA3 /* NSString+URLEscapingAdditions.m */; };
		5F20DC0811880C7800521BA3 /* NSURL+MPURLParameterAdditions.m in Sources */ = {isa = PBXBuildFile; fileRef = 5F20DBF311880C7800521BA3 /* NSURL+MPURLParameterAdditions.m */; };
		5F20DC0911880C7800521BA3 /* NSURLResponse+Encoding.m in Sources */ = {isa = PBXBuildFile; fileRef = 5F20DBF511880C7800521BA3 /* NSURLResponse+Encoding.m */; };
		5F20DD6B118923F800521BA3 /* oauthAutoConfig.plist in Resources */ = {isa = PBXBuildFile; fileRef = 5F20DD6A118923F800521BA3 /* oauthAutoConfig.plist */; };
		5F4CA76C11A9DF1200311744 /* CrashReportSender.m in Sources */ = {isa = PBXBuildFile; fileRef = 5F4CA76B11A9DF1200311744 /* CrashReportSender.m */; };
		5F4CA77F11A9DF4000311744 /* SystemConfiguration.framework in Frameworks */ = {isa = PBXBuildFile; fileRef = 5F4CA77E11A9DF4000311744 /* SystemConfiguration.framework */; };
		5F606D711161C107003625A1 /* BTUserHistoryTableViewController.m in Sources */ = {isa = PBXBuildFile; fileRef = 5F606D701161C107003625A1 /* BTUserHistoryTableViewController.m */; };
		5F606DCA1161CBC9003625A1 /* BTUserInventoryTableView.m in Sources */ = {isa = PBXBuildFile; fileRef = 5F606DC91161CBC9003625A1 /* BTUserInventoryTableView.m */; };
		5F606FA81162E31E003625A1 /* asyncimageview.m in Sources */ = {isa = PBXBuildFile; fileRef = 5F606FA71162E31E003625A1 /* asyncimageview.m */; };
		5F6071FF1167D710003625A1 /* BTVenueDetailView.m in Sources */ = {isa = PBXBuildFile; fileRef = 5F6071FE1167D710003625A1 /* BTVenueDetailView.m */; };
		5F6072D61167F7DA003625A1 /* MapKit.framework in Frameworks */ = {isa = PBXBuildFile; fileRef = 5F6072D51167F7DA003625A1 /* MapKit.framework */; };
		5F6074651169A789003625A1 /* BTVenueSearchResults.m in Sources */ = {isa = PBXBuildFile; fileRef = 5F6074641169A789003625A1 /* BTVenueSearchResults.m */; };
		5F6D5243117B814000C049AF /* Entitlements.plist in Resources */ = {isa = PBXBuildFile; fileRef = 5F6D5242117B814000C049AF /* Entitlements.plist */; };
		5F72A76D116E3B0C00F8B7A0 /* UINavigationBar+CustomImage.m in Sources */ = {isa = PBXBuildFile; fileRef = 5F72A76C116E3B0C00F8B7A0 /* UINavigationBar+CustomImage.m */; };
		5F72A7BB116F8B2400F8B7A0 /* coinCount.png in Resources */ = {isa = PBXBuildFile; fileRef = 5F72A7B7116F8B2400F8B7A0 /* coinCount.png */; };
		5F72A7BC116F8B2400F8B7A0 /* hitPoints.png in Resources */ = {isa = PBXBuildFile; fileRef = 5F72A7B8116F8B2400F8B7A0 /* hitPoints.png */; };
		5F72A7BD116F8B2400F8B7A0 /* trapsSetCount.png in Resources */ = {isa = PBXBuildFile; fileRef = 5F72A7B9116F8B2400F8B7A0 /* trapsSetCount.png */; };
		5F72A7BE116F8B2400F8B7A0 /* killCount.png in Resources */ = {isa = PBXBuildFile; fileRef = 5F72A7BA116F8B2400F8B7A0 /* killCount.png */; };
		5F72A8031170E5E300F8B7A0 /* searchnow.png in Resources */ = {isa = PBXBuildFile; fileRef = 5F72A8021170E5E300F8B7A0 /* searchnow.png */; };
		5F72A84C1170E8E300F8B7A0 /* searchvenuebar.png in Resources */ = {isa = PBXBuildFile; fileRef = 5F72A84B1170E8E300F8B7A0 /* searchvenuebar.png */; };
		5F72AB9611714FC200F8B7A0 /* BTVenueAnnotation.m in Sources */ = {isa = PBXBuildFile; fileRef = 5F72AB9511714FC200F8B7A0 /* BTVenueAnnotation.m */; };
		5F72ABCD117238EF00F8B7A0 /* BTVenueAnnotationView.m in Sources */ = {isa = PBXBuildFile; fileRef = 5F72ABCC117238EF00F8B7A0 /* BTVenueAnnotationView.m */; };
		5F72AC811172468F00F8B7A0 /* VenueAnnotation.png in Resources */ = {isa = PBXBuildFile; fileRef = 5F72AC801172468F00F8B7A0 /* VenueAnnotation.png */; };
		5F72AD0511728DA400F8B7A0 /* SearchResultsAnnotation.png in Resources */ = {isa = PBXBuildFile; fileRef = 5F72AD0411728DA400F8B7A0 /* SearchResultsAnnotation.png */; };
		5F72AD37117291C800F8B7A0 /* BTSearchResultsAnnotationView.m in Sources */ = {isa = PBXBuildFile; fileRef = 5F72AD36117291C800F8B7A0 /* BTSearchResultsAnnotationView.m */; };
		5F72AE2D1174111F00F8B7A0 /* BTFoursquareLoginViewController.m in Sources */ = {isa = PBXBuildFile; fileRef = 5F72AE2C1174111F00F8B7A0 /* BTFoursquareLoginViewController.m */; };
		5F72AE3B1174127600F8B7A0 /* signinwith-foursquare.png in Resources */ = {isa = PBXBuildFile; fileRef = 5F72AE3A1174127600F8B7A0 /* signinwith-foursquare.png */; };
		5F72AFD211759AF800F8B7A0 /* NSData+Base64.m in Sources */ = {isa = PBXBuildFile; fileRef = 5F72AFD111759AF800F8B7A0 /* NSData+Base64.m */; };
		5F72B0841176A79C00F8B7A0 /* droptrap.png in Resources */ = {isa = PBXBuildFile; fileRef = 5F72B0831176A79C00F8B7A0 /* droptrap.png */; };
		5F72B0921176A7D200F8B7A0 /* mapannotation.png in Resources */ = {isa = PBXBuildFile; fileRef = 5F72B0911176A7D200F8B7A0 /* mapannotation.png */; };
		5F72B0D01176AB6100F8B7A0 /* icon.png in Resources */ = {isa = PBXBuildFile; fileRef = 5F72B0CF1176AB6100F8B7A0 /* icon.png */; };
		5F72B1051176ADFC00F8B7A0 /* happyDude.png in Resources */ = {isa = PBXBuildFile; fileRef = 5F72B1021176ADFC00F8B7A0 /* happyDude.png */; };
		5F72B1061176ADFC00F8B7A0 /* neutralDude.png in Resources */ = {isa = PBXBuildFile; fileRef = 5F72B1031176ADFC00F8B7A0 /* neutralDude.png */; };
		5F72B1071176ADFC00F8B7A0 /* sadDude.png in Resources */ = {isa = PBXBuildFile; fileRef = 5F72B1041176ADFC00F8B7A0 /* sadDude.png */; };
		5F74866F114D65ED00A48653 /* BTSearchNavigationController.m in Sources */ = {isa = PBXBuildFile; fileRef = 5F74866E114D65ED00A48653 /* BTSearchNavigationController.m */; };
		5F748680114D675800A48653 /* BTProfileNavigationController.m in Sources */ = {isa = PBXBuildFile; fileRef = 5F74867F114D675800A48653 /* BTProfileNavigationController.m */; };
		5F74868D114D67C300A48653 /* BTLeaderBoardNavigationController.m in Sources */ = {isa = PBXBuildFile; fileRef = 5F74868C114D67C300A48653 /* BTLeaderBoardNavigationController.m */; };
		5F7486BB114D6F9C00A48653 /* BTSearchInternalViewController.m in Sources */ = {isa = PBXBuildFile; fileRef = 5F7486BA114D6F9C00A48653 /* BTSearchInternalViewController.m */; };
		5F7486CF114D719100A48653 /* BTProfileInternalViewController.m in Sources */ = {isa = PBXBuildFile; fileRef = 5F7486CE114D719100A48653 /* BTProfileInternalViewController.m */; };
		5F7486D9114D721500A48653 /* BTLeaderboardInternalViewController.m in Sources */ = {isa = PBXBuildFile; fileRef = 5F7486D8114D721500A48653 /* BTLeaderboardInternalViewController.m */; };
		5F748783114D938D00A48653 /* BTUserProfile.m in Sources */ = {isa = PBXBuildFile; fileRef = 5F748782114D938D00A48653 /* BTUserProfile.m */; };
		5F7487B5114D9A5700A48653 /* BTNetwork.m in Sources */ = {isa = PBXBuildFile; fileRef = 5F7487B4114D9A5700A48653 /* BTNetwork.m */; };
		5F7487C6114D9CC900A48653 /* BTNetworkHttp.m in Sources */ = {isa = PBXBuildFile; fileRef = 5F7487C5114D9CC900A48653 /* BTNetworkHttp.m */; };
		5F9ED2AD117FEFD7002B775B /* Security.framework in Frameworks */ = {isa = PBXBuildFile; fileRef = 5F9ED2AC117FEFD7002B775B /* Security.framework */; };
		5FC04C0511A9DC62008AEE74 /* CrashReporter.framework in Frameworks */ = {isa = PBXBuildFile; fileRef = 5FC04C0411A9DC62008AEE74 /* CrashReporter.framework */; };
		5FF9348C1159F3EE00159ECA /* MyCLController.m in Sources */ = {isa = PBXBuildFile; fileRef = 5FF9348B1159F3EE00159ECA /* MyCLController.m */; };
		5FF9349B1159F70300159ECA /* CoreLocation.framework in Frameworks */ = {isa = PBXBuildFile; fileRef = 5FF9349A1159F70300159ECA /* CoreLocation.framework */; };
		5FF9354C115B08AE00159ECA /* profilebar1.png in Resources */ = {isa = PBXBuildFile; fileRef = 5FF9354B115B08AE00159ECA /* profilebar1.png */; };
		5FF93552115B095500159ECA /* profilebar.png in Resources */ = {isa = PBXBuildFile; fileRef = 5FF93551115B095500159ECA /* profilebar.png */; };
		5FF93669115B347100159ECA /* user.png in Resources */ = {isa = PBXBuildFile; fileRef = 5FF93668115B347100159ECA /* user.png */; };
		5FF93715115C58CA00159ECA /* homeicon.png in Resources */ = {isa = PBXBuildFile; fileRef = 5FF93711115C58CA00159ECA /* homeicon.png */; };
		5FF93716115C58CA00159ECA /* leaderboardicon.png in Resources */ = {isa = PBXBuildFile; fileRef = 5FF93712115C58CA00159ECA /* leaderboardicon.png */; };
		5FF93717115C58CA00159ECA /* profileicon.png in Resources */ = {isa = PBXBuildFile; fileRef = 5FF93713115C58CA00159ECA /* profileicon.png */; };
		5FF93718115C58CA00159ECA /* searchicon.png in Resources */ = {isa = PBXBuildFile; fileRef = 5FF93714115C58CA00159ECA /* searchicon.png */; };
		5FF9371C115C59C100159ECA /* homeViewTopBanner.png in Resources */ = {isa = PBXBuildFile; fileRef = 5FF9371B115C59C100159ECA /* homeViewTopBanner.png */; };
		CD885DA4114D5EAD0002DFAF /* BTTabBarController.m in Sources */ = {isa = PBXBuildFile; fileRef = CD885DA3114D5EAD0002DFAF /* BTTabBarController.m */; };
		CD885DCD114D62D80002DFAF /* BTHomeNavigationController.m in Sources */ = {isa = PBXBuildFile; fileRef = CD885DCC114D62D80002DFAF /* BTHomeNavigationController.m */; };
		CD885E0D114D68E00002DFAF /* BTHomeInternalViewController.m in Sources */ = {isa = PBXBuildFile; fileRef = CD885E0C114D68E00002DFAF /* BTHomeInternalViewController.m */; };
		CD885E6B114D80D40002DFAF /* FBConnectGlobal.m in Sources */ = {isa = PBXBuildFile; fileRef = CD885E59114D80D40002DFAF /* FBConnectGlobal.m */; };
		CD885E6C114D80D40002DFAF /* FBSession.m in Sources */ = {isa = PBXBuildFile; fileRef = CD885E5B114D80D40002DFAF /* FBSession.m */; };
		CD885E6D114D80D40002DFAF /* FBRequest.m in Sources */ = {isa = PBXBuildFile; fileRef = CD885E5D114D80D40002DFAF /* FBRequest.m */; };
		CD885E6E114D80D40002DFAF /* FBXMLHandler.m in Sources */ = {isa = PBXBuildFile; fileRef = CD885E5F114D80D40002DFAF /* FBXMLHandler.m */; };
		CD885E6F114D80D40002DFAF /* FBLoginButton.m in Sources */ = {isa = PBXBuildFile; fileRef = CD885E61114D80D40002DFAF /* FBLoginButton.m */; };
		CD885E70114D80D40002DFAF /* FBDialog.m in Sources */ = {isa = PBXBuildFile; fileRef = CD885E63114D80D40002DFAF /* FBDialog.m */; };
		CD885E71114D80D40002DFAF /* FBLoginDialog.m in Sources */ = {isa = PBXBuildFile; fileRef = CD885E65114D80D40002DFAF /* FBLoginDialog.m */; };
		CD885E72114D80D40002DFAF /* FBPermissionDialog.m in Sources */ = {isa = PBXBuildFile; fileRef = CD885E67114D80D40002DFAF /* FBPermissionDialog.m */; };
		CD885E73114D80D40002DFAF /* FBStreamDialog.m in Sources */ = {isa = PBXBuildFile; fileRef = CD885E69114D80D40002DFAF /* FBStreamDialog.m */; };
		CD885E74114D80D40002DFAF /* FBConnect.bundle in Resources */ = {isa = PBXBuildFile; fileRef = CD885E6A114D80D40002DFAF /* FBConnect.bundle */; };
		CD885F13114D9F950002DFAF /* NSString+URLAdditions.m in Sources */ = {isa = PBXBuildFile; fileRef = CD885F12114D9F950002DFAF /* NSString+URLAdditions.m */; };
		CD885F43114DA38F0002DFAF /* BTInvocationMaker.m in Sources */ = {isa = PBXBuildFile; fileRef = CD885F42114DA38F0002DFAF /* BTInvocationMaker.m */; };
/* End PBXBuildFile section */

/* Begin PBXFileReference section */
		1D30AB110D05D00D00671497 /* Foundation.framework */ = {isa = PBXFileReference; lastKnownFileType = wrapper.framework; name = Foundation.framework; path = System/Library/Frameworks/Foundation.framework; sourceTree = SDKROOT; };
		1D3623240D0F684500981E51 /* TrapsAppDelegate.h */ = {isa = PBXFileReference; fileEncoding = 4; lastKnownFileType = sourcecode.c.h; path = TrapsAppDelegate.h; sourceTree = "<group>"; };
		1D3623250D0F684500981E51 /* TrapsAppDelegate.m */ = {isa = PBXFileReference; fileEncoding = 4; lastKnownFileType = sourcecode.c.objc; path = TrapsAppDelegate.m; sourceTree = "<group>"; };
		1D6058910D05DD3D006BFB54 /* Traps.app */ = {isa = PBXFileReference; explicitFileType = wrapper.application; includeInIndex = 0; path = Traps.app; sourceTree = BUILT_PRODUCTS_DIR; };
		1DF5F4DF0D08C38300B7A737 /* UIKit.framework */ = {isa = PBXFileReference; lastKnownFileType = wrapper.framework; name = UIKit.framework; path = System/Library/Frameworks/UIKit.framework; sourceTree = SDKROOT; };
		288765A40DF7441C002DB57D /* CoreGraphics.framework */ = {isa = PBXFileReference; lastKnownFileType = wrapper.framework; name = CoreGraphics.framework; path = System/Library/Frameworks/CoreGraphics.framework; sourceTree = SDKROOT; };
		28AD733E0D9D9553002E5188 /* MainWindow.xib */ = {isa = PBXFileReference; lastKnownFileType = file.xib; path = MainWindow.xib; sourceTree = "<group>"; };
		29B97316FDCFA39411CA2CEA /* main.m */ = {isa = PBXFileReference; fileEncoding = 4; lastKnownFileType = sourcecode.c.objc; path = main.m; sourceTree = "<group>"; };
		32CA4F630368D1EE00C91783 /* Traps_Prefix.pch */ = {isa = PBXFileReference; fileEncoding = 4; lastKnownFileType = sourcecode.c.h; path = Traps_Prefix.pch; sourceTree = "<group>"; };
		5F20DB6B1188067A00521BA3 /* libxml2.dylib */ = {isa = PBXFileReference; lastKnownFileType = "compiled.mach-o.dylib"; name = libxml2.dylib; path = usr/lib/libxml2.dylib; sourceTree = SDKROOT; };
		5F20DBCB11880C7700521BA3 /* Base64Transcoder.c */ = {isa = PBXFileReference; fileEncoding = 4; lastKnownFileType = sourcecode.c.c; path = Base64Transcoder.c; sourceTree = "<group>"; };
		5F20DBCC11880C7700521BA3 /* Base64Transcoder.h */ = {isa = PBXFileReference; fileEncoding = 4; lastKnownFileType = sourcecode.c.h; path = Base64Transcoder.h; sourceTree = "<group>"; };
		5F20DBCD11880C7700521BA3 /* MPDebug.h */ = {isa = PBXFileReference; fileEncoding = 4; lastKnownFileType = sourcecode.c.h; path = MPDebug.h; sourceTree = "<group>"; };
		5F20DBCE11880C7700521BA3 /* MPOAuth.h */ = {isa = PBXFileReference; fileEncoding = 4; lastKnownFileType = sourcecode.c.h; path = MPOAuth.h; sourceTree = "<group>"; };
		5F20DBCF11880C7700521BA3 /* MPOAuthAPI.h */ = {isa = PBXFileReference; fileEncoding = 4; lastKnownFileType = sourcecode.c.h; path = MPOAuthAPI.h; sourceTree = "<group>"; };
		5F20DBD011880C7700521BA3 /* MPOAuthAPI.m */ = {isa = PBXFileReference; fileEncoding = 4; lastKnownFileType = sourcecode.c.objc; path = MPOAuthAPI.m; sourceTree = "<group>"; };
		5F20DBD111880C7700521BA3 /* MPOAuthAPIRequestLoader.h */ = {isa = PBXFileReference; fileEncoding = 4; lastKnownFileType = sourcecode.c.h; path = MPOAuthAPIRequestLoader.h; sourceTree = "<group>"; };
		5F20DBD211880C7700521BA3 /* MPOAuthAPIRequestLoader.m */ = {isa = PBXFileReference; fileEncoding = 4; lastKnownFileType = sourcecode.c.objc; path = MPOAuthAPIRequestLoader.m; sourceTree = "<group>"; };
		5F20DBD311880C7700521BA3 /* MPOAuthAuthenticationMethod.h */ = {isa = PBXFileReference; fileEncoding = 4; lastKnownFileType = sourcecode.c.h; path = MPOAuthAuthenticationMethod.h; sourceTree = "<group>"; };
		5F20DBD411880C7700521BA3 /* MPOAuthAuthenticationMethod.m */ = {isa = PBXFileReference; fileEncoding = 4; lastKnownFileType = sourcecode.c.objc; path = MPOAuthAuthenticationMethod.m; sourceTree = "<group>"; };
		5F20DBD511880C7700521BA3 /* MPOAuthAuthenticationMethodAuthExchange.h */ = {isa = PBXFileReference; fileEncoding = 4; lastKnownFileType = sourcecode.c.h; path = MPOAuthAuthenticationMethodAuthExchange.h; sourceTree = "<group>"; };
		5F20DBD611880C7700521BA3 /* MPOAuthAuthenticationMethodAuthExchange.m */ = {isa = PBXFileReference; fileEncoding = 4; lastKnownFileType = sourcecode.c.objc; path = MPOAuthAuthenticationMethodAuthExchange.m; sourceTree = "<group>"; };
		5F20DBD711880C7700521BA3 /* MPOAuthAuthenticationMethodOAuth.h */ = {isa = PBXFileReference; fileEncoding = 4; lastKnownFileType = sourcecode.c.h; path = MPOAuthAuthenticationMethodOAuth.h; sourceTree = "<group>"; };
		5F20DBD811880C7700521BA3 /* MPOAuthAuthenticationMethodOAuth.m */ = {isa = PBXFileReference; fileEncoding = 4; lastKnownFileType = sourcecode.c.objc; path = MPOAuthAuthenticationMethodOAuth.m; sourceTree = "<group>"; };
		5F20DBD911880C7700521BA3 /* MPOAuthAuthenticationMethodXAuth.h */ = {isa = PBXFileReference; fileEncoding = 4; lastKnownFileType = sourcecode.c.h; path = MPOAuthAuthenticationMethodXAuth.h; sourceTree = "<group>"; };
		5F20DBDA11880C7700521BA3 /* MPOAuthAuthenticationMethodXAuth.m */ = {isa = PBXFileReference; fileEncoding = 4; lastKnownFileType = sourcecode.c.objc; path = MPOAuthAuthenticationMethodXAuth.m; sourceTree = "<group>"; };
		5F20DBDB11880C7700521BA3 /* MPOAuthConnection.h */ = {isa = PBXFileReference; fileEncoding = 4; lastKnownFileType = sourcecode.c.h; path = MPOAuthConnection.h; sourceTree = "<group>"; };
		5F20DBDC11880C7700521BA3 /* MPOAuthConnection.m */ = {isa = PBXFileReference; fileEncoding = 4; lastKnownFileType = sourcecode.c.objc; path = MPOAuthConnection.m; sourceTree = "<group>"; };
		5F20DBDD11880C7700521BA3 /* MPOAuthCredentiaIConcreteStore+KeychainAdditionsMac.m */ = {isa = PBXFileReference; fileEncoding = 4; lastKnownFileType = sourcecode.c.objc; path = "MPOAuthCredentiaIConcreteStore+KeychainAdditionsMac.m"; sourceTree = "<group>"; };
		5F20DBDE11880C7700521BA3 /* MPOAuthCredentialConcreteStore+KeychainAdditions.h */ = {isa = PBXFileReference; fileEncoding = 4; lastKnownFileType = sourcecode.c.h; path = "MPOAuthCredentialConcreteStore+KeychainAdditions.h"; sourceTree = "<group>"; };
		5F20DBDF11880C7700521BA3 /* MPOAuthCredentialConcreteStore+KeychainAdditionsiPhone.m */ = {isa = PBXFileReference; fileEncoding = 4; lastKnownFileType = sourcecode.c.objc; path = "MPOAuthCredentialConcreteStore+KeychainAdditionsiPhone.m"; sourceTree = "<group>"; };
		5F20DBE011880C7700521BA3 /* MPOAuthCredentialConcreteStore.h */ = {isa = PBXFileReference; fileEncoding = 4; lastKnownFileType = sourcecode.c.h; path = MPOAuthCredentialConcreteStore.h; sourceTree = "<group>"; };
		5F20DBE111880C7700521BA3 /* MPOAuthCredentialConcreteStore.m */ = {isa = PBXFileReference; fileEncoding = 4; lastKnownFileType = sourcecode.c.objc; path = MPOAuthCredentialConcreteStore.m; sourceTree = "<group>"; };
		5F20DBE211880C7800521BA3 /* MPOAuthCredentialStore.h */ = {isa = PBXFileReference; fileEncoding = 4; lastKnownFileType = sourcecode.c.h; path = MPOAuthCredentialStore.h; sourceTree = "<group>"; };
		5F20DBE311880C7800521BA3 /* MPOAuthParameterFactory.h */ = {isa = PBXFileReference; fileEncoding = 4; lastKnownFileType = sourcecode.c.h; path = MPOAuthParameterFactory.h; sourceTree = "<group>"; };
		5F20DBE411880C7800521BA3 /* MPOAuthSignatureParameter.h */ = {isa = PBXFileReference; fileEncoding = 4; lastKnownFileType = sourcecode.c.h; path = MPOAuthSignatureParameter.h; sourceTree = "<group>"; };
		5F20DBE511880C7800521BA3 /* MPOAuthSignatureParameter.m */ = {isa = PBXFileReference; fileEncoding = 4; lastKnownFileType = sourcecode.c.objc; path = MPOAuthSignatureParameter.m; sourceTree = "<group>"; };
		5F20DBE611880C7800521BA3 /* MPOAuthURLRequest.h */ = {isa = PBXFileReference; fileEncoding = 4; lastKnownFileType = sourcecode.c.h; path = MPOAuthURLRequest.h; sourceTree = "<group>"; };
		5F20DBE711880C7800521BA3 /* MPOAuthURLRequest.m */ = {isa = PBXFileReference; fileEncoding = 4; lastKnownFileType = sourcecode.c.objc; path = MPOAuthURLRequest.m; sourceTree = "<group>"; };
		5F20DBE811880C7800521BA3 /* MPOAuthURLResponse.h */ = {isa = PBXFileReference; fileEncoding = 4; lastKnownFileType = sourcecode.c.h; path = MPOAuthURLResponse.h; sourceTree = "<group>"; };
		5F20DBE911880C7800521BA3 /* MPOAuthURLResponse.m */ = {isa = PBXFileReference; fileEncoding = 4; lastKnownFileType = sourcecode.c.objc; path = MPOAuthURLResponse.m; sourceTree = "<group>"; };
		5F20DBEA11880C7800521BA3 /* MPURLRequestParameter.h */ = {isa = PBXFileReference; fileEncoding = 4; lastKnownFileType = sourcecode.c.h; path = MPURLRequestParameter.h; sourceTree = "<group>"; };
		5F20DBEB11880C7800521BA3 /* MPURLRequestParameter.m */ = {isa = PBXFileReference; fileEncoding = 4; lastKnownFileType = sourcecode.c.objc; path = MPURLRequestParameter.m; sourceTree = "<group>"; };
		5F20DBEC11880C7800521BA3 /* MPWSLRDDiscoverer.h */ = {isa = PBXFileReference; fileEncoding = 4; lastKnownFileType = sourcecode.c.h; path = MPWSLRDDiscoverer.h; sourceTree = "<group>"; };
		5F20DBED11880C7800521BA3 /* MPWSLRDDiscoverer.m */ = {isa = PBXFileReference; fileEncoding = 4; lastKnownFileType = sourcecode.c.objc; path = MPWSLRDDiscoverer.m; sourceTree = "<group>"; };
		5F20DBEE11880C7800521BA3 /* MPWSXRDDocument.h */ = {isa = PBXFileReference; fileEncoding = 4; lastKnownFileType = sourcecode.c.h; path = MPWSXRDDocument.h; sourceTree = "<group>"; };
		5F20DBEF11880C7800521BA3 /* MPWSXRDDocument.m */ = {isa = PBXFileReference; fileEncoding = 4; lastKnownFileType = sourcecode.c.objc; path = MPWSXRDDocument.m; sourceTree = "<group>"; };
		5F20DBF011880C7800521BA3 /* NSString+URLEscapingAdditions.h */ = {isa = PBXFileReference; fileEncoding = 4; lastKnownFileType = sourcecode.c.h; path = "NSString+URLEscapingAdditions.h"; sourceTree = "<group>"; };
		5F20DBF111880C7800521BA3 /* NSString+URLEscapingAdditions.m */ = {isa = PBXFileReference; fileEncoding = 4; lastKnownFileType = sourcecode.c.objc; path = "NSString+URLEscapingAdditions.m"; sourceTree = "<group>"; };
		5F20DBF211880C7800521BA3 /* NSURL+MPURLParameterAdditions.h */ = {isa = PBXFileReference; fileEncoding = 4; lastKnownFileType = sourcecode.c.h; path = "NSURL+MPURLParameterAdditions.h"; sourceTree = "<group>"; };
		5F20DBF311880C7800521BA3 /* NSURL+MPURLParameterAdditions.m */ = {isa = PBXFileReference; fileEncoding = 4; lastKnownFileType = sourcecode.c.objc; path = "NSURL+MPURLParameterAdditions.m"; sourceTree = "<group>"; };
		5F20DBF411880C7800521BA3 /* NSURLResponse+Encoding.h */ = {isa = PBXFileReference; fileEncoding = 4; lastKnownFileType = sourcecode.c.h; path = "NSURLResponse+Encoding.h"; sourceTree = "<group>"; };
		5F20DBF511880C7800521BA3 /* NSURLResponse+Encoding.m */ = {isa = PBXFileReference; fileEncoding = 4; lastKnownFileType = sourcecode.c.objc; path = "NSURLResponse+Encoding.m"; sourceTree = "<group>"; };
		5F20DD6A118923F800521BA3 /* oauthAutoConfig.plist */ = {isa = PBXFileReference; fileEncoding = 4; lastKnownFileType = text.plist.xml; path = oauthAutoConfig.plist; sourceTree = "<group>"; };
		5F4CA76A11A9DF1200311744 /* CrashReportSender.h */ = {isa = PBXFileReference; fileEncoding = 4; lastKnownFileType = sourcecode.c.h; path = CrashReportSender.h; sourceTree = "<group>"; };
		5F4CA76B11A9DF1200311744 /* CrashReportSender.m */ = {isa = PBXFileReference; fileEncoding = 4; lastKnownFileType = sourcecode.c.objc; path = CrashReportSender.m; sourceTree = "<group>"; };
		5F4CA77E11A9DF4000311744 /* SystemConfiguration.framework */ = {isa = PBXFileReference; lastKnownFileType = wrapper.framework; name = SystemConfiguration.framework; path = System/Library/Frameworks/SystemConfiguration.framework; sourceTree = SDKROOT; };
		5F606D6F1161C107003625A1 /* BTUserHistoryTableViewController.h */ = {isa = PBXFileReference; fileEncoding = 4; lastKnownFileType = sourcecode.c.h; path = BTUserHistoryTableViewController.h; sourceTree = "<group>"; };
		5F606D701161C107003625A1 /* BTUserHistoryTableViewController.m */ = {isa = PBXFileReference; fileEncoding = 4; lastKnownFileType = sourcecode.c.objc; path = BTUserHistoryTableViewController.m; sourceTree = "<group>"; };
		5F606DC81161CBC9003625A1 /* BTUserInventoryTableView.h */ = {isa = PBXFileReference; fileEncoding = 4; lastKnownFileType = sourcecode.c.h; path = BTUserInventoryTableView.h; sourceTree = "<group>"; };
		5F606DC91161CBC9003625A1 /* BTUserInventoryTableView.m */ = {isa = PBXFileReference; fileEncoding = 4; lastKnownFileType = sourcecode.c.objc; path = BTUserInventoryTableView.m; sourceTree = "<group>"; };
		5F606FA61162E31E003625A1 /* asyncimageview.h */ = {isa = PBXFileReference; fileEncoding = 4; lastKnownFileType = sourcecode.c.h; path = asyncimageview.h; sourceTree = "<group>"; };
		5F606FA71162E31E003625A1 /* asyncimageview.m */ = {isa = PBXFileReference; fileEncoding = 4; lastKnownFileType = sourcecode.c.objc; path = asyncimageview.m; sourceTree = "<group>"; };
		5F6071FD1167D710003625A1 /* BTVenueDetailView.h */ = {isa = PBXFileReference; fileEncoding = 4; lastKnownFileType = sourcecode.c.h; path = BTVenueDetailView.h; sourceTree = "<group>"; };
		5F6071FE1167D710003625A1 /* BTVenueDetailView.m */ = {isa = PBXFileReference; fileEncoding = 4; lastKnownFileType = sourcecode.c.objc; path = BTVenueDetailView.m; sourceTree = "<group>"; };
		5F6072D51167F7DA003625A1 /* MapKit.framework */ = {isa = PBXFileReference; lastKnownFileType = wrapper.framework; name = MapKit.framework; path = System/Library/Frameworks/MapKit.framework; sourceTree = SDKROOT; };
		5F6074631169A789003625A1 /* BTVenueSearchResults.h */ = {isa = PBXFileReference; fileEncoding = 4; lastKnownFileType = sourcecode.c.h; path = BTVenueSearchResults.h; sourceTree = "<group>"; };
		5F6074641169A789003625A1 /* BTVenueSearchResults.m */ = {isa = PBXFileReference; fileEncoding = 4; lastKnownFileType = sourcecode.c.objc; path = BTVenueSearchResults.m; sourceTree = "<group>"; };
		5F6D5242117B814000C049AF /* Entitlements.plist */ = {isa = PBXFileReference; fileEncoding = 4; lastKnownFileType = text.plist.xml; path = Entitlements.plist; sourceTree = "<group>"; };
		5F72A76B116E3B0C00F8B7A0 /* UINavigationBar+CustomImage.h */ = {isa = PBXFileReference; fileEncoding = 4; lastKnownFileType = sourcecode.c.h; path = "UINavigationBar+CustomImage.h"; sourceTree = "<group>"; };
		5F72A76C116E3B0C00F8B7A0 /* UINavigationBar+CustomImage.m */ = {isa = PBXFileReference; fileEncoding = 4; lastKnownFileType = sourcecode.c.objc; path = "UINavigationBar+CustomImage.m"; sourceTree = "<group>"; };
		5F72A7B7116F8B2400F8B7A0 /* coinCount.png */ = {isa = PBXFileReference; lastKnownFileType = image.png; path = coinCount.png; sourceTree = "<group>"; };
		5F72A7B8116F8B2400F8B7A0 /* hitPoints.png */ = {isa = PBXFileReference; lastKnownFileType = image.png; path = hitPoints.png; sourceTree = "<group>"; };
		5F72A7B9116F8B2400F8B7A0 /* trapsSetCount.png */ = {isa = PBXFileReference; lastKnownFileType = image.png; path = trapsSetCount.png; sourceTree = "<group>"; };
		5F72A7BA116F8B2400F8B7A0 /* killCount.png */ = {isa = PBXFileReference; lastKnownFileType = image.png; path = killCount.png; sourceTree = "<group>"; };
		5F72A8021170E5E300F8B7A0 /* searchnow.png */ = {isa = PBXFileReference; lastKnownFileType = image.png; path = searchnow.png; sourceTree = "<group>"; };
		5F72A84B1170E8E300F8B7A0 /* searchvenuebar.png */ = {isa = PBXFileReference; lastKnownFileType = image.png; path = searchvenuebar.png; sourceTree = "<group>"; };
		5F72AB9411714FC200F8B7A0 /* BTVenueAnnotation.h */ = {isa = PBXFileReference; fileEncoding = 4; lastKnownFileType = sourcecode.c.h; path = BTVenueAnnotation.h; sourceTree = "<group>"; };
		5F72AB9511714FC200F8B7A0 /* BTVenueAnnotation.m */ = {isa = PBXFileReference; fileEncoding = 4; lastKnownFileType = sourcecode.c.objc; path = BTVenueAnnotation.m; sourceTree = "<group>"; };
		5F72ABCB117238EF00F8B7A0 /* BTVenueAnnotationView.h */ = {isa = PBXFileReference; fileEncoding = 4; lastKnownFileType = sourcecode.c.h; path = BTVenueAnnotationView.h; sourceTree = "<group>"; };
		5F72ABCC117238EF00F8B7A0 /* BTVenueAnnotationView.m */ = {isa = PBXFileReference; fileEncoding = 4; lastKnownFileType = sourcecode.c.objc; path = BTVenueAnnotationView.m; sourceTree = "<group>"; };
		5F72AC801172468F00F8B7A0 /* VenueAnnotation.png */ = {isa = PBXFileReference; lastKnownFileType = image.png; path = VenueAnnotation.png; sourceTree = "<group>"; };
		5F72AD0411728DA400F8B7A0 /* SearchResultsAnnotation.png */ = {isa = PBXFileReference; lastKnownFileType = image.png; path = SearchResultsAnnotation.png; sourceTree = "<group>"; };
		5F72AD35117291C800F8B7A0 /* BTSearchResultsAnnotationView.h */ = {isa = PBXFileReference; fileEncoding = 4; lastKnownFileType = sourcecode.c.h; path = BTSearchResultsAnnotationView.h; sourceTree = "<group>"; };
		5F72AD36117291C800F8B7A0 /* BTSearchResultsAnnotationView.m */ = {isa = PBXFileReference; fileEncoding = 4; lastKnownFileType = sourcecode.c.objc; path = BTSearchResultsAnnotationView.m; sourceTree = "<group>"; };
		5F72AE2B1174111F00F8B7A0 /* BTFoursquareLoginViewController.h */ = {isa = PBXFileReference; fileEncoding = 4; lastKnownFileType = sourcecode.c.h; path = BTFoursquareLoginViewController.h; sourceTree = "<group>"; };
		5F72AE2C1174111F00F8B7A0 /* BTFoursquareLoginViewController.m */ = {isa = PBXFileReference; fileEncoding = 4; lastKnownFileType = sourcecode.c.objc; path = BTFoursquareLoginViewController.m; sourceTree = "<group>"; };
		5F72AE3A1174127600F8B7A0 /* signinwith-foursquare.png */ = {isa = PBXFileReference; lastKnownFileType = image.png; path = "signinwith-foursquare.png"; sourceTree = "<group>"; };
		5F72AFD011759AF800F8B7A0 /* NSData+Base64.h */ = {isa = PBXFileReference; fileEncoding = 4; lastKnownFileType = sourcecode.c.h; path = "NSData+Base64.h"; sourceTree = "<group>"; };
		5F72AFD111759AF800F8B7A0 /* NSData+Base64.m */ = {isa = PBXFileReference; fileEncoding = 4; lastKnownFileType = sourcecode.c.objc; path = "NSData+Base64.m"; sourceTree = "<group>"; };
		5F72B0831176A79C00F8B7A0 /* droptrap.png */ = {isa = PBXFileReference; lastKnownFileType = image.png; path = droptrap.png; sourceTree = "<group>"; };
		5F72B0911176A7D200F8B7A0 /* mapannotation.png */ = {isa = PBXFileReference; lastKnownFileType = image.png; path = mapannotation.png; sourceTree = "<group>"; };
		5F72B0CF1176AB6100F8B7A0 /* icon.png */ = {isa = PBXFileReference; lastKnownFileType = image.png; path = icon.png; sourceTree = "<group>"; };
		5F72B1021176ADFC00F8B7A0 /* happyDude.png */ = {isa = PBXFileReference; lastKnownFileType = image.png; path = happyDude.png; sourceTree = "<group>"; };
		5F72B1031176ADFC00F8B7A0 /* neutralDude.png */ = {isa = PBXFileReference; lastKnownFileType = image.png; path = neutralDude.png; sourceTree = "<group>"; };
		5F72B1041176ADFC00F8B7A0 /* sadDude.png */ = {isa = PBXFileReference; lastKnownFileType = image.png; path = sadDude.png; sourceTree = "<group>"; };
		5F74866D114D65ED00A48653 /* BTSearchNavigationController.h */ = {isa = PBXFileReference; fileEncoding = 4; lastKnownFileType = sourcecode.c.h; path = BTSearchNavigationController.h; sourceTree = "<group>"; };
		5F74866E114D65ED00A48653 /* BTSearchNavigationController.m */ = {isa = PBXFileReference; fileEncoding = 4; lastKnownFileType = sourcecode.c.objc; path = BTSearchNavigationController.m; sourceTree = "<group>"; };
		5F74867E114D675800A48653 /* BTProfileNavigationController.h */ = {isa = PBXFileReference; fileEncoding = 4; lastKnownFileType = sourcecode.c.h; path = BTProfileNavigationController.h; sourceTree = "<group>"; };
		5F74867F114D675800A48653 /* BTProfileNavigationController.m */ = {isa = PBXFileReference; fileEncoding = 4; lastKnownFileType = sourcecode.c.objc; path = BTProfileNavigationController.m; sourceTree = "<group>"; };
		5F74868B114D67C300A48653 /* BTLeaderBoardNavigationController.h */ = {isa = PBXFileReference; fileEncoding = 4; lastKnownFileType = sourcecode.c.h; path = BTLeaderBoardNavigationController.h; sourceTree = "<group>"; };
		5F74868C114D67C300A48653 /* BTLeaderBoardNavigationController.m */ = {isa = PBXFileReference; fileEncoding = 4; lastKnownFileType = sourcecode.c.objc; path = BTLeaderBoardNavigationController.m; sourceTree = "<group>"; };
		5F7486B9114D6F9C00A48653 /* BTSearchInternalViewController.h */ = {isa = PBXFileReference; fileEncoding = 4; lastKnownFileType = sourcecode.c.h; path = BTSearchInternalViewController.h; sourceTree = "<group>"; };
		5F7486BA114D6F9C00A48653 /* BTSearchInternalViewController.m */ = {isa = PBXFileReference; fileEncoding = 4; lastKnownFileType = sourcecode.c.objc; path = BTSearchInternalViewController.m; sourceTree = "<group>"; };
		5F7486CD114D719100A48653 /* BTProfileInternalViewController.h */ = {isa = PBXFileReference; fileEncoding = 4; lastKnownFileType = sourcecode.c.h; path = BTProfileInternalViewController.h; sourceTree = "<group>"; };
		5F7486CE114D719100A48653 /* BTProfileInternalViewController.m */ = {isa = PBXFileReference; fileEncoding = 4; lastKnownFileType = sourcecode.c.objc; path = BTProfileInternalViewController.m; sourceTree = "<group>"; };
		5F7486D7114D721500A48653 /* BTLeaderboardInternalViewController.h */ = {isa = PBXFileReference; fileEncoding = 4; lastKnownFileType = sourcecode.c.h; path = BTLeaderboardInternalViewController.h; sourceTree = "<group>"; };
		5F7486D8114D721500A48653 /* BTLeaderboardInternalViewController.m */ = {isa = PBXFileReference; fileEncoding = 4; lastKnownFileType = sourcecode.c.objc; path = BTLeaderboardInternalViewController.m; sourceTree = "<group>"; };
		5F748781114D938D00A48653 /* BTUserProfile.h */ = {isa = PBXFileReference; fileEncoding = 4; lastKnownFileType = sourcecode.c.h; path = BTUserProfile.h; sourceTree = "<group>"; };
		5F748782114D938D00A48653 /* BTUserProfile.m */ = {isa = PBXFileReference; fileEncoding = 4; lastKnownFileType = sourcecode.c.objc; path = BTUserProfile.m; sourceTree = "<group>"; };
		5F7487B3114D9A5700A48653 /* BTNetwork.h */ = {isa = PBXFileReference; fileEncoding = 4; lastKnownFileType = sourcecode.c.h; path = BTNetwork.h; sourceTree = "<group>"; };
		5F7487B4114D9A5700A48653 /* BTNetwork.m */ = {isa = PBXFileReference; fileEncoding = 4; lastKnownFileType = sourcecode.c.objc; path = BTNetwork.m; sourceTree = "<group>"; };
		5F7487C4114D9CC900A48653 /* BTNetworkHttp.h */ = {isa = PBXFileReference; fileEncoding = 4; lastKnownFileType = sourcecode.c.h; path = BTNetworkHttp.h; sourceTree = "<group>"; };
		5F7487C5114D9CC900A48653 /* BTNetworkHttp.m */ = {isa = PBXFileReference; fileEncoding = 4; lastKnownFileType = sourcecode.c.objc; path = BTNetworkHttp.m; sourceTree = "<group>"; };
		5F9ED2AC117FEFD7002B775B /* Security.framework */ = {isa = PBXFileReference; lastKnownFileType = wrapper.framework; name = Security.framework; path = System/Library/Frameworks/Security.framework; sourceTree = SDKROOT; };
		5FC04C0411A9DC62008AEE74 /* CrashReporter.framework */ = {isa = PBXFileReference; lastKnownFileType = wrapper.framework; path = CrashReporter.framework; sourceTree = "<group>"; };
		5FF9348A1159F3EE00159ECA /* MyCLController.h */ = {isa = PBXFileReference; fileEncoding = 4; lastKnownFileType = sourcecode.c.h; path = MyCLController.h; sourceTree = "<group>"; };
		5FF9348B1159F3EE00159ECA /* MyCLController.m */ = {isa = PBXFileReference; fileEncoding = 4; lastKnownFileType = sourcecode.c.objc; path = MyCLController.m; sourceTree = "<group>"; };
		5FF9349A1159F70300159ECA /* CoreLocation.framework */ = {isa = PBXFileReference; lastKnownFileType = wrapper.framework; name = CoreLocation.framework; path = System/Library/Frameworks/CoreLocation.framework; sourceTree = SDKROOT; };
		5FF9354B115B08AE00159ECA /* profilebar1.png */ = {isa = PBXFileReference; lastKnownFileType = image.png; path = profilebar1.png; sourceTree = "<group>"; };
		5FF93551115B095500159ECA /* profilebar.png */ = {isa = PBXFileReference; lastKnownFileType = image.png; path = profilebar.png; sourceTree = "<group>"; };
		5FF93668115B347100159ECA /* user.png */ = {isa = PBXFileReference; lastKnownFileType = image.png; path = user.png; sourceTree = "<group>"; };
		5FF93711115C58CA00159ECA /* homeicon.png */ = {isa = PBXFileReference; lastKnownFileType = image.png; path = homeicon.png; sourceTree = "<group>"; };
		5FF93712115C58CA00159ECA /* leaderboardicon.png */ = {isa = PBXFileReference; lastKnownFileType = image.png; path = leaderboardicon.png; sourceTree = "<group>"; };
		5FF93713115C58CA00159ECA /* profileicon.png */ = {isa = PBXFileReference; lastKnownFileType = image.png; path = profileicon.png; sourceTree = "<group>"; };
		5FF93714115C58CA00159ECA /* searchicon.png */ = {isa = PBXFileReference; lastKnownFileType = image.png; path = searchicon.png; sourceTree = "<group>"; };
		5FF9371B115C59C100159ECA /* homeViewTopBanner.png */ = {isa = PBXFileReference; lastKnownFileType = image.png; path = homeViewTopBanner.png; sourceTree = "<group>"; };
		8D1107310486CEB800E47090 /* Traps-Info.plist */ = {isa = PBXFileReference; fileEncoding = 4; lastKnownFileType = text.plist.xml; path = "Traps-Info.plist"; sourceTree = "<group>"; };
		CD885DA2114D5EAD0002DFAF /* BTTabBarController.h */ = {isa = PBXFileReference; fileEncoding = 4; lastKnownFileType = sourcecode.c.h; path = BTTabBarController.h; sourceTree = "<group>"; };
		CD885DA3114D5EAD0002DFAF /* BTTabBarController.m */ = {isa = PBXFileReference; fileEncoding = 4; lastKnownFileType = sourcecode.c.objc; path = BTTabBarController.m; sourceTree = "<group>"; };
		CD885DAA114D5FA70002DFAF /* BTConstants.h */ = {isa = PBXFileReference; fileEncoding = 4; lastKnownFileType = sourcecode.c.h; path = BTConstants.h; sourceTree = "<group>"; };
		CD885DCB114D62D80002DFAF /* BTHomeNavigationController.h */ = {isa = PBXFileReference; fileEncoding = 4; lastKnownFileType = sourcecode.c.h; path = BTHomeNavigationController.h; sourceTree = "<group>"; };
		CD885DCC114D62D80002DFAF /* BTHomeNavigationController.m */ = {isa = PBXFileReference; fileEncoding = 4; lastKnownFileType = sourcecode.c.objc; path = BTHomeNavigationController.m; sourceTree = "<group>"; };
		CD885E0B114D68E00002DFAF /* BTHomeInternalViewController.h */ = {isa = PBXFileReference; fileEncoding = 4; lastKnownFileType = sourcecode.c.h; path = BTHomeInternalViewController.h; sourceTree = "<group>"; };
		CD885E0C114D68E00002DFAF /* BTHomeInternalViewController.m */ = {isa = PBXFileReference; fileEncoding = 4; lastKnownFileType = sourcecode.c.objc; path = BTHomeInternalViewController.m; sourceTree = "<group>"; };
		CD885E57114D80D40002DFAF /* FBConnect.h */ = {isa = PBXFileReference; fileEncoding = 4; lastKnownFileType = sourcecode.c.h; name = FBConnect.h; path = "lib/facebook-iphone-sdk/src/FBConnect/FBConnect.h"; sourceTree = SOURCE_ROOT; };
		CD885E58114D80D40002DFAF /* FBConnectGlobal.h */ = {isa = PBXFileReference; fileEncoding = 4; lastKnownFileType = sourcecode.c.h; name = FBConnectGlobal.h; path = "lib/facebook-iphone-sdk/src/FBConnect/FBConnectGlobal.h"; sourceTree = SOURCE_ROOT; };
		CD885E59114D80D40002DFAF /* FBConnectGlobal.m */ = {isa = PBXFileReference; fileEncoding = 4; lastKnownFileType = sourcecode.c.objc; name = FBConnectGlobal.m; path = "lib/facebook-iphone-sdk/src/FBConnectGlobal.m"; sourceTree = SOURCE_ROOT; };
		CD885E5A114D80D40002DFAF /* FBSession.h */ = {isa = PBXFileReference; fileEncoding = 4; lastKnownFileType = sourcecode.c.h; name = FBSession.h; path = "lib/facebook-iphone-sdk/src/FBConnect/FBSession.h"; sourceTree = SOURCE_ROOT; };
		CD885E5B114D80D40002DFAF /* FBSession.m */ = {isa = PBXFileReference; fileEncoding = 4; lastKnownFileType = sourcecode.c.objc; name = FBSession.m; path = "lib/facebook-iphone-sdk/src/FBSession.m"; sourceTree = SOURCE_ROOT; };
		CD885E5C114D80D40002DFAF /* FBRequest.h */ = {isa = PBXFileReference; fileEncoding = 4; lastKnownFileType = sourcecode.c.h; name = FBRequest.h; path = "lib/facebook-iphone-sdk/src/FBConnect/FBRequest.h"; sourceTree = SOURCE_ROOT; };
		CD885E5D114D80D40002DFAF /* FBRequest.m */ = {isa = PBXFileReference; fileEncoding = 4; lastKnownFileType = sourcecode.c.objc; name = FBRequest.m; path = "lib/facebook-iphone-sdk/src/FBRequest.m"; sourceTree = SOURCE_ROOT; };
		CD885E5E114D80D40002DFAF /* FBXMLHandler.h */ = {isa = PBXFileReference; fileEncoding = 4; lastKnownFileType = sourcecode.c.h; name = FBXMLHandler.h; path = "lib/facebook-iphone-sdk/src/FBXMLHandler.h"; sourceTree = SOURCE_ROOT; };
		CD885E5F114D80D40002DFAF /* FBXMLHandler.m */ = {isa = PBXFileReference; fileEncoding = 4; lastKnownFileType = sourcecode.c.objc; name = FBXMLHandler.m; path = "lib/facebook-iphone-sdk/src/FBXMLHandler.m"; sourceTree = SOURCE_ROOT; };
		CD885E60114D80D40002DFAF /* FBLoginButton.h */ = {isa = PBXFileReference; fileEncoding = 4; lastKnownFileType = sourcecode.c.h; name = FBLoginButton.h; path = "lib/facebook-iphone-sdk/src/FBConnect/FBLoginButton.h"; sourceTree = SOURCE_ROOT; };
		CD885E61114D80D40002DFAF /* FBLoginButton.m */ = {isa = PBXFileReference; fileEncoding = 4; lastKnownFileType = sourcecode.c.objc; name = FBLoginButton.m; path = "lib/facebook-iphone-sdk/src/FBLoginButton.m"; sourceTree = SOURCE_ROOT; };
		CD885E62114D80D40002DFAF /* FBDialog.h */ = {isa = PBXFileReference; fileEncoding = 4; lastKnownFileType = sourcecode.c.h; name = FBDialog.h; path = "lib/facebook-iphone-sdk/src/FBConnect/FBDialog.h"; sourceTree = SOURCE_ROOT; };
		CD885E63114D80D40002DFAF /* FBDialog.m */ = {isa = PBXFileReference; fileEncoding = 4; lastKnownFileType = sourcecode.c.objc; name = FBDialog.m; path = "lib/facebook-iphone-sdk/src/FBDialog.m"; sourceTree = SOURCE_ROOT; };
		CD885E64114D80D40002DFAF /* FBLoginDialog.h */ = {isa = PBXFileReference; fileEncoding = 4; lastKnownFileType = sourcecode.c.h; name = FBLoginDialog.h; path = "lib/facebook-iphone-sdk/src/FBConnect/FBLoginDialog.h"; sourceTree = SOURCE_ROOT; };
		CD885E65114D80D40002DFAF /* FBLoginDialog.m */ = {isa = PBXFileReference; fileEncoding = 4; lastKnownFileType = sourcecode.c.objc; name = FBLoginDialog.m; path = "lib/facebook-iphone-sdk/src/FBLoginDialog.m"; sourceTree = SOURCE_ROOT; };
		CD885E66114D80D40002DFAF /* FBPermissionDialog.h */ = {isa = PBXFileReference; fileEncoding = 4; lastKnownFileType = sourcecode.c.h; name = FBPermissionDialog.h; path = "lib/facebook-iphone-sdk/src/FBConnect/FBPermissionDialog.h"; sourceTree = SOURCE_ROOT; };
		CD885E67114D80D40002DFAF /* FBPermissionDialog.m */ = {isa = PBXFileReference; fileEncoding = 4; lastKnownFileType = sourcecode.c.objc; name = FBPermissionDialog.m; path = "lib/facebook-iphone-sdk/src/FBPermissionDialog.m"; sourceTree = SOURCE_ROOT; };
		CD885E68114D80D40002DFAF /* FBStreamDialog.h */ = {isa = PBXFileReference; fileEncoding = 4; lastKnownFileType = sourcecode.c.h; name = FBStreamDialog.h; path = "lib/facebook-iphone-sdk/src/FBConnect/FBStreamDialog.h"; sourceTree = SOURCE_ROOT; };
		CD885E69114D80D40002DFAF /* FBStreamDialog.m */ = {isa = PBXFileReference; fileEncoding = 4; lastKnownFileType = sourcecode.c.objc; name = FBStreamDialog.m; path = "lib/facebook-iphone-sdk/src/FBStreamDialog.m"; sourceTree = SOURCE_ROOT; };
		CD885E6A114D80D40002DFAF /* FBConnect.bundle */ = {isa = PBXFileReference; lastKnownFileType = "wrapper.plug-in"; name = FBConnect.bundle; path = "lib/facebook-iphone-sdk/src/FBConnect.bundle"; sourceTree = SOURCE_ROOT; };
		CD885F11114D9F950002DFAF /* NSString+URLAdditions.h */ = {isa = PBXFileReference; fileEncoding = 4; lastKnownFileType = sourcecode.c.h; path = "NSString+URLAdditions.h"; sourceTree = "<group>"; };
		CD885F12114D9F950002DFAF /* NSString+URLAdditions.m */ = {isa = PBXFileReference; fileEncoding = 4; lastKnownFileType = sourcecode.c.objc; path = "NSString+URLAdditions.m"; sourceTree = "<group>"; };
		CD885F41114DA38F0002DFAF /* BTInvocationMaker.h */ = {isa = PBXFileReference; fileEncoding = 4; lastKnownFileType = sourcecode.c.h; path = BTInvocationMaker.h; sourceTree = "<group>"; };
		CD885F42114DA38F0002DFAF /* BTInvocationMaker.m */ = {isa = PBXFileReference; fileEncoding = 4; lastKnownFileType = sourcecode.c.objc; path = BTInvocationMaker.m; sourceTree = "<group>"; };
/* End PBXFileReference section */

/* Begin PBXFrameworksBuildPhase section */
		1D60588F0D05DD3D006BFB54 /* Frameworks */ = {
			isa = PBXFrameworksBuildPhase;
			buildActionMask = 2147483647;
			files = (
				1D60589F0D05DD5A006BFB54 /* Foundation.framework in Frameworks */,
				1DF5F4E00D08C38300B7A737 /* UIKit.framework in Frameworks */,
				288765A50DF7441C002DB57D /* CoreGraphics.framework in Frameworks */,
				5FF9349B1159F70300159ECA /* CoreLocation.framework in Frameworks */,
				5F6072D61167F7DA003625A1 /* MapKit.framework in Frameworks */,
				5F9ED2AD117FEFD7002B775B /* Security.framework in Frameworks */,
				5F20DB6C1188067A00521BA3 /* libxml2.dylib in Frameworks */,
				5FC04C0511A9DC62008AEE74 /* CrashReporter.framework in Frameworks */,
				5F4CA77F11A9DF4000311744 /* SystemConfiguration.framework in Frameworks */,
			);
			runOnlyForDeploymentPostprocessing = 0;
		};
/* End PBXFrameworksBuildPhase section */

/* Begin PBXGroup section */
		080E96DDFE201D6D7F000001 /* Classes */ = {
			isa = PBXGroup;
			children = (
				5FC04C1311A9DC7A008AEE74 /* Lib */,
				5F72AFD011759AF800F8B7A0 /* NSData+Base64.h */,
				5F72AFD111759AF800F8B7A0 /* NSData+Base64.m */,
				CD885DAA114D5FA70002DFAF /* BTConstants.h */,
				1D3623240D0F684500981E51 /* TrapsAppDelegate.h */,
				1D3623250D0F684500981E51 /* TrapsAppDelegate.m */,
				CD885E97114D84C10002DFAF /* Model */,
				5F20DBC911880C7700521BA3 /* MPOAuthFramework */,
				5F7487B2114D9A4900A48653 /* Network */,
				CD885E56114D80D40002DFAF /* FBConnect */,
				CD885DA1114D5E5C0002DFAF /* Views + Controllers */,
			);
			path = Classes;
			sourceTree = "<group>";
		};
		19C28FACFE9D520D11CA2CBB /* Products */ = {
			isa = PBXGroup;
			children = (
				1D6058910D05DD3D006BFB54 /* Traps.app */,
			);
			name = Products;
			sourceTree = "<group>";
		};
		29B97314FDCFA39411CA2CEA /* CustomTemplate */ = {
			isa = PBXGroup;
			children = (
				080E96DDFE201D6D7F000001 /* Classes */,
				29B97315FDCFA39411CA2CEA /* Other Sources */,
				29B97317FDCFA39411CA2CEA /* Resources-iPhone */,
				29B97323FDCFA39411CA2CEA /* Frameworks */,
				19C28FACFE9D520D11CA2CBB /* Products */,
				5F6D5242117B814000C049AF /* Entitlements.plist */,
			);
			name = CustomTemplate;
			sourceTree = "<group>";
		};
		29B97315FDCFA39411CA2CEA /* Other Sources */ = {
			isa = PBXGroup;
			children = (
				32CA4F630368D1EE00C91783 /* Traps_Prefix.pch */,
				29B97316FDCFA39411CA2CEA /* main.m */,
			);
			name = "Other Sources";
			sourceTree = "<group>";
		};
		29B97317FDCFA39411CA2CEA /* Resources-iPhone */ = {
			isa = PBXGroup;
			children = (
				5F72B0CF1176AB6100F8B7A0 /* icon.png */,
				5F7489B611586DB500A48653 /* images */,
				28AD733E0D9D9553002E5188 /* MainWindow.xib */,
				8D1107310486CEB800E47090 /* Traps-Info.plist */,
				5F20DD6A118923F800521BA3 /* oauthAutoConfig.plist */,
			);
			name = "Resources-iPhone";
			sourceTree = "<group>";
		};
		29B97323FDCFA39411CA2CEA /* Frameworks */ = {
			isa = PBXGroup;
			children = (
				5FC04C0411A9DC62008AEE74 /* CrashReporter.framework */,
				1DF5F4DF0D08C38300B7A737 /* UIKit.framework */,
				1D30AB110D05D00D00671497 /* Foundation.framework */,
				288765A40DF7441C002DB57D /* CoreGraphics.framework */,
				5FF9349A1159F70300159ECA /* CoreLocation.framework */,
				5F6072D51167F7DA003625A1 /* MapKit.framework */,
				5F9ED2AC117FEFD7002B775B /* Security.framework */,
				5F20DB6B1188067A00521BA3 /* libxml2.dylib */,
				5F4CA77E11A9DF4000311744 /* SystemConfiguration.framework */,
			);
			name = Frameworks;
			sourceTree = "<group>";
		};
		5F20DBC911880C7700521BA3 /* MPOAuthFramework */ = {
			isa = PBXGroup;
			children = (
				5F20DBCA11880C7700521BA3 /* Crypto */,
				5F20DBCD11880C7700521BA3 /* MPDebug.h */,
				5F20DBCE11880C7700521BA3 /* MPOAuth.h */,
				5F20DBCF11880C7700521BA3 /* MPOAuthAPI.h */,
				5F20DBD011880C7700521BA3 /* MPOAuthAPI.m */,
				5F20DBD111880C7700521BA3 /* MPOAuthAPIRequestLoader.h */,
				5F20DBD211880C7700521BA3 /* MPOAuthAPIRequestLoader.m */,
				5F20DBD311880C7700521BA3 /* MPOAuthAuthenticationMethod.h */,
				5F20DBD411880C7700521BA3 /* MPOAuthAuthenticationMethod.m */,
				5F20DBD511880C7700521BA3 /* MPOAuthAuthenticationMethodAuthExchange.h */,
				5F20DBD611880C7700521BA3 /* MPOAuthAuthenticationMethodAuthExchange.m */,
				5F20DBD711880C7700521BA3 /* MPOAuthAuthenticationMethodOAuth.h */,
				5F20DBD811880C7700521BA3 /* MPOAuthAuthenticationMethodOAuth.m */,
				5F20DBD911880C7700521BA3 /* MPOAuthAuthenticationMethodXAuth.h */,
				5F20DBDA11880C7700521BA3 /* MPOAuthAuthenticationMethodXAuth.m */,
				5F20DBDB11880C7700521BA3 /* MPOAuthConnection.h */,
				5F20DBDC11880C7700521BA3 /* MPOAuthConnection.m */,
				5F20DBDD11880C7700521BA3 /* MPOAuthCredentiaIConcreteStore+KeychainAdditionsMac.m */,
				5F20DBDE11880C7700521BA3 /* MPOAuthCredentialConcreteStore+KeychainAdditions.h */,
				5F20DBDF11880C7700521BA3 /* MPOAuthCredentialConcreteStore+KeychainAdditionsiPhone.m */,
				5F20DBE011880C7700521BA3 /* MPOAuthCredentialConcreteStore.h */,
				5F20DBE111880C7700521BA3 /* MPOAuthCredentialConcreteStore.m */,
				5F20DBE211880C7800521BA3 /* MPOAuthCredentialStore.h */,
				5F20DBE311880C7800521BA3 /* MPOAuthParameterFactory.h */,
				5F20DBE411880C7800521BA3 /* MPOAuthSignatureParameter.h */,
				5F20DBE511880C7800521BA3 /* MPOAuthSignatureParameter.m */,
				5F20DBE611880C7800521BA3 /* MPOAuthURLRequest.h */,
				5F20DBE711880C7800521BA3 /* MPOAuthURLRequest.m */,
				5F20DBE811880C7800521BA3 /* MPOAuthURLResponse.h */,
				5F20DBE911880C7800521BA3 /* MPOAuthURLResponse.m */,
				5F20DBEA11880C7800521BA3 /* MPURLRequestParameter.h */,
				5F20DBEB11880C7800521BA3 /* MPURLRequestParameter.m */,
				5F20DBEC11880C7800521BA3 /* MPWSLRDDiscoverer.h */,
				5F20DBED11880C7800521BA3 /* MPWSLRDDiscoverer.m */,
				5F20DBEE11880C7800521BA3 /* MPWSXRDDocument.h */,
				5F20DBEF11880C7800521BA3 /* MPWSXRDDocument.m */,
				5F20DBF011880C7800521BA3 /* NSString+URLEscapingAdditions.h */,
				5F20DBF111880C7800521BA3 /* NSString+URLEscapingAdditions.m */,
				5F20DBF211880C7800521BA3 /* NSURL+MPURLParameterAdditions.h */,
				5F20DBF311880C7800521BA3 /* NSURL+MPURLParameterAdditions.m */,
				5F20DBF411880C7800521BA3 /* NSURLResponse+Encoding.h */,
				5F20DBF511880C7800521BA3 /* NSURLResponse+Encoding.m */,
			);
			path = MPOAuthFramework;
			sourceTree = "<group>";
		};
		5F20DBCA11880C7700521BA3 /* Crypto */ = {
			isa = PBXGroup;
			children = (
				5F20DBCB11880C7700521BA3 /* Base64Transcoder.c */,
				5F20DBCC11880C7700521BA3 /* Base64Transcoder.h */,
			);
			path = Crypto;
			sourceTree = "<group>";
		};
		5F72A84A1170E8D800F8B7A0 /* MapAnnotations */ = {
			isa = PBXGroup;
			children = (
				5F72B0911176A7D200F8B7A0 /* mapannotation.png */,
				5F72B1021176ADFC00F8B7A0 /* happyDude.png */,
				5F72B1031176ADFC00F8B7A0 /* neutralDude.png */,
				5F72B1041176ADFC00F8B7A0 /* sadDude.png */,
				5F72AD0411728DA400F8B7A0 /* SearchResultsAnnotation.png */,
				5F72AC801172468F00F8B7A0 /* VenueAnnotation.png */,
			);
			name = MapAnnotations;
			sourceTree = "<group>";
		};
		5F72AB9111714F1500F8B7A0 /* VenueDetail */ = {
			isa = PBXGroup;
			children = (
				5F6071FD1167D710003625A1 /* BTVenueDetailView.h */,
				5F6071FE1167D710003625A1 /* BTVenueDetailView.m */,
				5F72AB9411714FC200F8B7A0 /* BTVenueAnnotation.h */,
				5F72AB9511714FC200F8B7A0 /* BTVenueAnnotation.m */,
				5F72ABCB117238EF00F8B7A0 /* BTVenueAnnotationView.h */,
				5F72ABCC117238EF00F8B7A0 /* BTVenueAnnotationView.m */,
			);
			name = VenueDetail;
			sourceTree = "<group>";
		};
		5F72AD0611728EE200F8B7A0 /* SearchResults */ = {
			isa = PBXGroup;
			children = (
				5F6074631169A789003625A1 /* BTVenueSearchResults.h */,
				5F6074641169A789003625A1 /* BTVenueSearchResults.m */,
				5F72AD35117291C800F8B7A0 /* BTSearchResultsAnnotationView.h */,
				5F72AD36117291C800F8B7A0 /* BTSearchResultsAnnotationView.m */,
			);
			name = SearchResults;
			sourceTree = "<group>";
		};
		5F72B0701176A77B00F8B7A0 /* buttons */ = {
			isa = PBXGroup;
			children = (
				5F72A8021170E5E300F8B7A0 /* searchnow.png */,
				5F72B0831176A79C00F8B7A0 /* droptrap.png */,
				5F72A84B1170E8E300F8B7A0 /* searchvenuebar.png */,
				5F72AE3A1174127600F8B7A0 /* signinwith-foursquare.png */,
			);
			name = buttons;
			sourceTree = "<group>";
		};
		5F7487B2114D9A4900A48653 /* Network */ = {
			isa = PBXGroup;
			children = (
				5F606FA61162E31E003625A1 /* asyncimageview.h */,
				5F606FA71162E31E003625A1 /* asyncimageview.m */,
				CD885F11114D9F950002DFAF /* NSString+URLAdditions.h */,
				CD885F12114D9F950002DFAF /* NSString+URLAdditions.m */,
				CD885F41114DA38F0002DFAF /* BTInvocationMaker.h */,
				CD885F42114DA38F0002DFAF /* BTInvocationMaker.m */,
				5F7487B3114D9A5700A48653 /* BTNetwork.h */,
				5F7487B4114D9A5700A48653 /* BTNetwork.m */,
				5F7487C4114D9CC900A48653 /* BTNetworkHttp.h */,
				5F7487C5114D9CC900A48653 /* BTNetworkHttp.m */,
			);
			name = Network;
			sourceTree = "<group>";
		};
		5F7489B611586DB500A48653 /* images */ = {
			isa = PBXGroup;
			children = (
				5F72B0701176A77B00F8B7A0 /* buttons */,
				5F72A84A1170E8D800F8B7A0 /* MapAnnotations */,
				5FF93531115B06F200159ECA /* TabBarIcons */,
				5F7489B711586DBC00A48653 /* HomeViewImages */,
			);
			name = images;
			sourceTree = "<group>";
		};
		5F7489B711586DBC00A48653 /* HomeViewImages */ = {
			isa = PBXGroup;
			children = (
				5FF9354A115B089200159ECA /* StatusIcons */,
				5FF9371B115C59C100159ECA /* homeViewTopBanner.png */,
				5FF93668115B347100159ECA /* user.png */,
				5FF93551115B095500159ECA /* profilebar.png */,
				5FF9354B115B08AE00159ECA /* profilebar1.png */,
			);
			name = HomeViewImages;
			sourceTree = "<group>";
		};
		5FC04C1311A9DC7A008AEE74 /* Lib */ = {
			isa = PBXGroup;
			children = (
				5FC04C1411A9DC83008AEE74 /* CrashReport */,
			);
			name = Lib;
			sourceTree = "<group>";
		};
		5FC04C1411A9DC83008AEE74 /* CrashReport */ = {
			isa = PBXGroup;
			children = (
				5F4CA76A11A9DF1200311744 /* CrashReportSender.h */,
				5F4CA76B11A9DF1200311744 /* CrashReportSender.m */,
			);
			name = CrashReport;
			sourceTree = "<group>";
		};
		5FF93531115B06F200159ECA /* TabBarIcons */ = {
			isa = PBXGroup;
			children = (
				5FF93711115C58CA00159ECA /* homeicon.png */,
				5FF93712115C58CA00159ECA /* leaderboardicon.png */,
				5FF93713115C58CA00159ECA /* profileicon.png */,
				5FF93714115C58CA00159ECA /* searchicon.png */,
			);
			name = TabBarIcons;
			sourceTree = "<group>";
		};
		5FF9354A115B089200159ECA /* StatusIcons */ = {
			isa = PBXGroup;
			children = (
				5F72A7B7116F8B2400F8B7A0 /* coinCount.png */,
				5F72A7B8116F8B2400F8B7A0 /* hitPoints.png */,
				5F72A7B9116F8B2400F8B7A0 /* trapsSetCount.png */,
				5F72A7BA116F8B2400F8B7A0 /* killCount.png */,
			);
			name = StatusIcons;
			sourceTree = "<group>";
		};
		CD885DA1114D5E5C0002DFAF /* Views + Controllers */ = {
			isa = PBXGroup;
			children = (
				5F72A76B116E3B0C00F8B7A0 /* UINavigationBar+CustomImage.h */,
				5F72A76C116E3B0C00F8B7A0 /* UINavigationBar+CustomImage.m */,
				CD885DA2114D5EAD0002DFAF /* BTTabBarController.h */,
				CD885DA3114D5EAD0002DFAF /* BTTabBarController.m */,
				CD885DC7114D623F0002DFAF /* Home */,
				CD885DC8114D62450002DFAF /* Search */,
				CD885DC9114D624C0002DFAF /* Profile */,
				CD885DCA114D62550002DFAF /* Leaderboard */,
			);
			name = "Views + Controllers";
			sourceTree = "<group>";
		};
		CD885DC7114D623F0002DFAF /* Home */ = {
			isa = PBXGroup;
			children = (
				CD885DCB114D62D80002DFAF /* BTHomeNavigationController.h */,
				CD885DCC114D62D80002DFAF /* BTHomeNavigationController.m */,
				CD885E0B114D68E00002DFAF /* BTHomeInternalViewController.h */,
				CD885E0C114D68E00002DFAF /* BTHomeInternalViewController.m */,
			);
			name = Home;
			sourceTree = "<group>";
		};
		CD885DC8114D62450002DFAF /* Search */ = {
			isa = PBXGroup;
			children = (
				5F72AD0611728EE200F8B7A0 /* SearchResults */,
				5F72AB9111714F1500F8B7A0 /* VenueDetail */,
				5FF9348A1159F3EE00159ECA /* MyCLController.h */,
				5FF9348B1159F3EE00159ECA /* MyCLController.m */,
				5F74866D114D65ED00A48653 /* BTSearchNavigationController.h */,
				5F74866E114D65ED00A48653 /* BTSearchNavigationController.m */,
				5F7486B9114D6F9C00A48653 /* BTSearchInternalViewController.h */,
				5F7486BA114D6F9C00A48653 /* BTSearchInternalViewController.m */,
				5F72AE2B1174111F00F8B7A0 /* BTFoursquareLoginViewController.h */,
				5F72AE2C1174111F00F8B7A0 /* BTFoursquareLoginViewController.m */,
			);
			name = Search;
			sourceTree = "<group>";
		};
		CD885DC9114D624C0002DFAF /* Profile */ = {
			isa = PBXGroup;
			children = (
				5F74867E114D675800A48653 /* BTProfileNavigationController.h */,
				5F74867F114D675800A48653 /* BTProfileNavigationController.m */,
				5F7486CD114D719100A48653 /* BTProfileInternalViewController.h */,
				5F7486CE114D719100A48653 /* BTProfileInternalViewController.m */,
				5F606D6F1161C107003625A1 /* BTUserHistoryTableViewController.h */,
				5F606D701161C107003625A1 /* BTUserHistoryTableViewController.m */,
				5F606DC81161CBC9003625A1 /* BTUserInventoryTableView.h */,
				5F606DC91161CBC9003625A1 /* BTUserInventoryTableView.m */,
			);
			name = Profile;
			sourceTree = "<group>";
		};
		CD885DCA114D62550002DFAF /* Leaderboard */ = {
			isa = PBXGroup;
			children = (
				5F74868B114D67C300A48653 /* BTLeaderBoardNavigationController.h */,
				5F74868C114D67C300A48653 /* BTLeaderBoardNavigationController.m */,
				5F7486D7114D721500A48653 /* BTLeaderboardInternalViewController.h */,
				5F7486D8114D721500A48653 /* BTLeaderboardInternalViewController.m */,
			);
			name = Leaderboard;
			sourceTree = "<group>";
		};
		CD885E56114D80D40002DFAF /* FBConnect */ = {
			isa = PBXGroup;
			children = (
				CD885E57114D80D40002DFAF /* FBConnect.h */,
				CD885E58114D80D40002DFAF /* FBConnectGlobal.h */,
				CD885E59114D80D40002DFAF /* FBConnectGlobal.m */,
				CD885E5A114D80D40002DFAF /* FBSession.h */,
				CD885E5B114D80D40002DFAF /* FBSession.m */,
				CD885E5C114D80D40002DFAF /* FBRequest.h */,
				CD885E5D114D80D40002DFAF /* FBRequest.m */,
				CD885E5E114D80D40002DFAF /* FBXMLHandler.h */,
				CD885E5F114D80D40002DFAF /* FBXMLHandler.m */,
				CD885E60114D80D40002DFAF /* FBLoginButton.h */,
				CD885E61114D80D40002DFAF /* FBLoginButton.m */,
				CD885E62114D80D40002DFAF /* FBDialog.h */,
				CD885E63114D80D40002DFAF /* FBDialog.m */,
				CD885E64114D80D40002DFAF /* FBLoginDialog.h */,
				CD885E65114D80D40002DFAF /* FBLoginDialog.m */,
				CD885E66114D80D40002DFAF /* FBPermissionDialog.h */,
				CD885E67114D80D40002DFAF /* FBPermissionDialog.m */,
				CD885E68114D80D40002DFAF /* FBStreamDialog.h */,
				CD885E69114D80D40002DFAF /* FBStreamDialog.m */,
				CD885E6A114D80D40002DFAF /* FBConnect.bundle */,
			);
			name = FBConnect;
			sourceTree = "<group>";
		};
		CD885E97114D84C10002DFAF /* Model */ = {
			isa = PBXGroup;
			children = (
				5F748781114D938D00A48653 /* BTUserProfile.h */,
				5F748782114D938D00A48653 /* BTUserProfile.m */,
			);
			name = Model;
			sourceTree = "<group>";
		};
/* End PBXGroup section */

/* Begin PBXNativeTarget section */
		1D6058900D05DD3D006BFB54 /* Traps */ = {
			isa = PBXNativeTarget;
			buildConfigurationList = 1D6058960D05DD3E006BFB54 /* Build configuration list for PBXNativeTarget "Traps" */;
			buildPhases = (
				1D60588D0D05DD3D006BFB54 /* Resources */,
				1D60588E0D05DD3D006BFB54 /* Sources */,
				1D60588F0D05DD3D006BFB54 /* Frameworks */,
			);
			buildRules = (
			);
			dependencies = (
			);
			name = Traps;
			productName = Traps;
			productReference = 1D6058910D05DD3D006BFB54 /* Traps.app */;
			productType = "com.apple.product-type.application";
		};
/* End PBXNativeTarget section */

/* Begin PBXProject section */
		29B97313FDCFA39411CA2CEA /* Project object */ = {
			isa = PBXProject;
			buildConfigurationList = C01FCF4E08A954540054247B /* Build configuration list for PBXProject "Traps" */;
			compatibilityVersion = "Xcode 3.2";
			hasScannedForEncodings = 1;
			mainGroup = 29B97314FDCFA39411CA2CEA /* CustomTemplate */;
			projectDirPath = "";
			projectRoot = "";
			targets = (
				1D6058900D05DD3D006BFB54 /* Traps */,
			);
		};
/* End PBXProject section */

/* Begin PBXResourcesBuildPhase section */
		1D60588D0D05DD3D006BFB54 /* Resources */ = {
			isa = PBXResourcesBuildPhase;
			buildActionMask = 2147483647;
			files = (
				28AD733F0D9D9553002E5188 /* MainWindow.xib in Resources */,
				CD885E74114D80D40002DFAF /* FBConnect.bundle in Resources */,
				5FF9354C115B08AE00159ECA /* profilebar1.png in Resources */,
				5FF93552115B095500159ECA /* profilebar.png in Resources */,
				5FF93669115B347100159ECA /* user.png in Resources */,
				5FF93715115C58CA00159ECA /* homeicon.png in Resources */,
				5FF93716115C58CA00159ECA /* leaderboardicon.png in Resources */,
				5FF93717115C58CA00159ECA /* profileicon.png in Resources */,
				5FF93718115C58CA00159ECA /* searchicon.png in Resources */,
				5FF9371C115C59C100159ECA /* homeViewTopBanner.png in Resources */,
				5F72A7BB116F8B2400F8B7A0 /* coinCount.png in Resources */,
				5F72A7BC116F8B2400F8B7A0 /* hitPoints.png in Resources */,
				5F72A7BD116F8B2400F8B7A0 /* trapsSetCount.png in Resources */,
				5F72A7BE116F8B2400F8B7A0 /* killCount.png in Resources */,
				5F72A8031170E5E300F8B7A0 /* searchnow.png in Resources */,
				5F72A84C1170E8E300F8B7A0 /* searchvenuebar.png in Resources */,
				5F72AC811172468F00F8B7A0 /* VenueAnnotation.png in Resources */,
				5F72AD0511728DA400F8B7A0 /* SearchResultsAnnotation.png in Resources */,
				5F72AE3B1174127600F8B7A0 /* signinwith-foursquare.png in Resources */,
				5F72B0841176A79C00F8B7A0 /* droptrap.png in Resources */,
				5F72B0921176A7D200F8B7A0 /* mapannotation.png in Resources */,
				5F72B0D01176AB6100F8B7A0 /* icon.png in Resources */,
				5F72B1051176ADFC00F8B7A0 /* happyDude.png in Resources */,
				5F72B1061176ADFC00F8B7A0 /* neutralDude.png in Resources */,
				5F72B1071176ADFC00F8B7A0 /* sadDude.png in Resources */,
				5F6D5243117B814000C049AF /* Entitlements.plist in Resources */,
				5F20DD6B118923F800521BA3 /* oauthAutoConfig.plist in Resources */,
			);
			runOnlyForDeploymentPostprocessing = 0;
		};
/* End PBXResourcesBuildPhase section */

/* Begin PBXSourcesBuildPhase section */
		1D60588E0D05DD3D006BFB54 /* Sources */ = {
			isa = PBXSourcesBuildPhase;
			buildActionMask = 2147483647;
			files = (
				1D60589B0D05DD56006BFB54 /* main.m in Sources */,
				1D3623260D0F684500981E51 /* TrapsAppDelegate.m in Sources */,
				CD885DA4114D5EAD0002DFAF /* BTTabBarController.m in Sources */,
				CD885DCD114D62D80002DFAF /* BTHomeNavigationController.m in Sources */,
				5F74866F114D65ED00A48653 /* BTSearchNavigationController.m in Sources */,
				5F748680114D675800A48653 /* BTProfileNavigationController.m in Sources */,
				5F74868D114D67C300A48653 /* BTLeaderBoardNavigationController.m in Sources */,
				CD885E0D114D68E00002DFAF /* BTHomeInternalViewController.m in Sources */,
				5F7486BB114D6F9C00A48653 /* BTSearchInternalViewController.m in Sources */,
				5F7486CF114D719100A48653 /* BTProfileInternalViewController.m in Sources */,
				5F7486D9114D721500A48653 /* BTLeaderboardInternalViewController.m in Sources */,
				CD885E6B114D80D40002DFAF /* FBConnectGlobal.m in Sources */,
				CD885E6C114D80D40002DFAF /* FBSession.m in Sources */,
				CD885E6D114D80D40002DFAF /* FBRequest.m in Sources */,
				CD885E6E114D80D40002DFAF /* FBXMLHandler.m in Sources */,
				CD885E6F114D80D40002DFAF /* FBLoginButton.m in Sources */,
				CD885E70114D80D40002DFAF /* FBDialog.m in Sources */,
				CD885E71114D80D40002DFAF /* FBLoginDialog.m in Sources */,
				CD885E72114D80D40002DFAF /* FBPermissionDialog.m in Sources */,
				CD885E73114D80D40002DFAF /* FBStreamDialog.m in Sources */,
				5F748783114D938D00A48653 /* BTUserProfile.m in Sources */,
				5F7487B5114D9A5700A48653 /* BTNetwork.m in Sources */,
				5F7487C6114D9CC900A48653 /* BTNetworkHttp.m in Sources */,
				CD885F13114D9F950002DFAF /* NSString+URLAdditions.m in Sources */,
				CD885F43114DA38F0002DFAF /* BTInvocationMaker.m in Sources */,
				5FF9348C1159F3EE00159ECA /* MyCLController.m in Sources */,
				5F606D711161C107003625A1 /* BTUserHistoryTableViewController.m in Sources */,
				5F606DCA1161CBC9003625A1 /* BTUserInventoryTableView.m in Sources */,
				5F606FA81162E31E003625A1 /* asyncimageview.m in Sources */,
				5F6071FF1167D710003625A1 /* BTVenueDetailView.m in Sources */,
				5F6074651169A789003625A1 /* BTVenueSearchResults.m in Sources */,
				5F72A76D116E3B0C00F8B7A0 /* UINavigationBar+CustomImage.m in Sources */,
				5F72AB9611714FC200F8B7A0 /* BTVenueAnnotation.m in Sources */,
				5F72ABCD117238EF00F8B7A0 /* BTVenueAnnotationView.m in Sources */,
				5F72AD37117291C800F8B7A0 /* BTSearchResultsAnnotationView.m in Sources */,
				5F72AE2D1174111F00F8B7A0 /* BTFoursquareLoginViewController.m in Sources */,
				5F72AFD211759AF800F8B7A0 /* NSData+Base64.m in Sources */,
				5F20DBF611880C7800521BA3 /* Base64Transcoder.c in Sources */,
				5F20DBF711880C7800521BA3 /* MPOAuthAPI.m in Sources */,
				5F20DBF811880C7800521BA3 /* MPOAuthAPIRequestLoader.m in Sources */,
				5F20DBF911880C7800521BA3 /* MPOAuthAuthenticationMethod.m in Sources */,
				5F20DBFA11880C7800521BA3 /* MPOAuthAuthenticationMethodAuthExchange.m in Sources */,
				5F20DBFB11880C7800521BA3 /* MPOAuthAuthenticationMethodOAuth.m in Sources */,
				5F20DBFC11880C7800521BA3 /* MPOAuthAuthenticationMethodXAuth.m in Sources */,
				5F20DBFD11880C7800521BA3 /* MPOAuthConnection.m in Sources */,
				5F20DBFE11880C7800521BA3 /* MPOAuthCredentiaIConcreteStore+KeychainAdditionsMac.m in Sources */,
				5F20DBFF11880C7800521BA3 /* MPOAuthCredentialConcreteStore+KeychainAdditionsiPhone.m in Sources */,
				5F20DC0011880C7800521BA3 /* MPOAuthCredentialConcreteStore.m in Sources */,
				5F20DC0111880C7800521BA3 /* MPOAuthSignatureParameter.m in Sources */,
				5F20DC0211880C7800521BA3 /* MPOAuthURLRequest.m in Sources */,
				5F20DC0311880C7800521BA3 /* MPOAuthURLResponse.m in Sources */,
				5F20DC0411880C7800521BA3 /* MPURLRequestParameter.m in Sources */,
				5F20DC0511880C7800521BA3 /* MPWSLRDDiscoverer.m in Sources */,
				5F20DC0611880C7800521BA3 /* MPWSXRDDocument.m in Sources */,
				5F20DC0711880C7800521BA3 /* NSString+URLEscapingAdditions.m in Sources */,
				5F20DC0811880C7800521BA3 /* NSURL+MPURLParameterAdditions.m in Sources */,
				5F20DC0911880C7800521BA3 /* NSURLResponse+Encoding.m in Sources */,
				5F4CA76C11A9DF1200311744 /* CrashReportSender.m in Sources */,
			);
			runOnlyForDeploymentPostprocessing = 0;
		};
/* End PBXSourcesBuildPhase section */

/* Begin XCBuildConfiguration section */
		1D6058940D05DD3E006BFB54 /* Debug */ = {
			isa = XCBuildConfiguration;
			buildSettings = {
				ADDITIONAL_SDKS = "$HOME/Library/SDKs/JSON/$(PLATFORM_NAME).sdk";
				ALWAYS_SEARCH_USER_PATHS = NO;
				CODE_SIGN_ENTITLEMENTS = Entitlements.plist;
				"CODE_SIGN_IDENTITY[sdk=iphoneos*]" = "iPhone Developer: roderic campbell (6453R9QR3T)";
				COPY_PHASE_STRIP = NO;
				FRAMEWORK_SEARCH_PATHS = (
					"$(inherited)",
					"\"$(SRCROOT)\"",
				);
				GCC_DYNAMIC_NO_PIC = NO;
				GCC_OPTIMIZATION_LEVEL = 0;
				GCC_PRECOMPILE_PREFIX_HEADER = YES;
				GCC_PREFIX_HEADER = Traps_Prefix.pch;
				HEADER_SEARCH_PATHS = (
					"..//**",
					/usr/include/libxml2,
				);
				INFOPLIST_FILE = "Traps-Info.plist";
				OTHER_LDFLAGS = (
					"-ljson",
					"-lxml2",
					"-ObjC",
					"-all_load",
				);
				PRODUCT_NAME = Traps;
				"PROVISIONING_PROFILE[sdk=iphoneos*]" = "6DA09193-AD0B-4917-A2E8-C1AED459198E";
			};
			name = Debug;
		};
		1D6058950D05DD3E006BFB54 /* Release */ = {
			isa = XCBuildConfiguration;
			buildSettings = {
				ADDITIONAL_SDKS = "$HOME/Library/SDKs/JSON/$(PLATFORM_NAME).sdk";
				ALWAYS_SEARCH_USER_PATHS = NO;
				CODE_SIGN_ENTITLEMENTS = Entitlements.plist;
				"CODE_SIGN_IDENTITY[sdk=iphoneos*]" = "iPhone Developer: roderic campbell (6453R9QR3T)";
				COPY_PHASE_STRIP = YES;
				FRAMEWORK_SEARCH_PATHS = (
					"$(inherited)",
					"\"$(SRCROOT)\"",
				);
				GCC_PRECOMPILE_PREFIX_HEADER = YES;
				GCC_PREFIX_HEADER = Traps_Prefix.pch;
				INFOPLIST_FILE = "Traps-Info.plist";
				OTHER_LDFLAGS = (
					"-ObjC",
					"-ljson",
				);
				PRODUCT_NAME = Traps;
				"PROVISIONING_PROFILE[sdk=iphoneos*]" = "6DA09193-AD0B-4917-A2E8-C1AED459198E";
				VALIDATE_PRODUCT = YES;
			};
			name = Release;
		};
		C01FCF4F08A954540054247B /* Debug */ = {
			isa = XCBuildConfiguration;
			buildSettings = {
				ARCHS = "$(ARCHS_STANDARD_32_BIT)";
				"CODE_SIGN_IDENTITY[sdk=iphoneos*]" = "iPhone Developer";
				GCC_C_LANGUAGE_STANDARD = c99;
				GCC_WARN_ABOUT_RETURN_TYPE = YES;
				GCC_WARN_UNUSED_VARIABLE = YES;
				HEADER_SEARCH_PATHS = (
					"..//**",
					/usr/include/libxml2,
				);
				OTHER_LDFLAGS = (
					"-ljson",
					"-lxml2",
					"-ObjC",
					"-all_load\n",
				);
				PREBINDING = NO;
				SDKROOT = iphoneos3.0;
			};
			name = Debug;
		};
		C01FCF5008A954540054247B /* Release */ = {
			isa = XCBuildConfiguration;
			buildSettings = {
				ARCHS = "$(ARCHS_STANDARD_32_BIT)";
				"CODE_SIGN_IDENTITY[sdk=iphoneos*]" = "iPhone Developer";
				GCC_C_LANGUAGE_STANDARD = c99;
				GCC_WARN_ABOUT_RETURN_TYPE = YES;
				GCC_WARN_UNUSED_VARIABLE = YES;
				HEADER_SEARCH_PATHS = ../;
				OTHER_LDFLAGS = "-lcrypto";
				PREBINDING = NO;
				SDKROOT = iphoneos3.0;
			};
			name = Release;
		};
/* End XCBuildConfiguration section */

/* Begin XCConfigurationList section */
		1D6058960D05DD3E006BFB54 /* Build configuration list for PBXNativeTarget "Traps" */ = {
			isa = XCConfigurationList;
			buildConfigurations = (
				1D6058940D05DD3E006BFB54 /* Debug */,
				1D6058950D05DD3E006BFB54 /* Release */,
			);
			defaultConfigurationIsVisible = 0;
			defaultConfigurationName = Release;
		};
		C01FCF4E08A954540054247B /* Build configuration list for PBXProject "Traps" */ = {
			isa = XCConfigurationList;
			buildConfigurations = (
				C01FCF4F08A954540054247B /* Debug */,
				C01FCF5008A954540054247B /* Release */,
			);
			defaultConfigurationIsVisible = 0;
			defaultConfigurationName = Release;
		};
/* End XCConfigurationList section */
	};
	rootObject = 29B97313FDCFA39411CA2CEA /* Project object */;
}
